<?xml version="1.0"?>
<Project ToolsVersion="4.0" xmlns="http://schemas.microsoft.com/developer/msbuild/2003">
	<ItemGroup>
		<ClCompile Include="src\ofApp.cpp">
			<Filter>src</Filter>
		</ClCompile>
		<ClCompile Include="src\main.cpp">
			<Filter>src</Filter>
		</ClCompile>
		<ClCompile Include="src\Anim\Ink\Ink.cpp">
			<Filter>src\Anim\Ink</Filter>
		</ClCompile>
		<ClCompile Include="src\Body\Body.cpp">
			<Filter>src\Body</Filter>
		</ClCompile>
		<ClCompile Include="src\Body\BodyBase.cpp">
			<Filter>src\Body</Filter>
		</ClCompile>
		<ClCompile Include="src\Body\BodyState.cpp">
			<Filter>src\Body</Filter>
		</ClCompile>
		<ClCompile Include="src\Body\DrawingHand.cpp">
			<Filter>src\Body</Filter>
		</ClCompile>
		<ClCompile Include="src\Body\FetchingHand.cpp">
			<Filter>src\Body</Filter>
		</ClCompile>
		<ClCompile Include="src\Body\Mouth.cpp">
			<Filter>src\Body</Filter>
		</ClCompile>
		<ClCompile Include="src\Body\PuttingHand.cpp">
			<Filter>src\Body</Filter>
		</ClCompile>
		<ClCompile Include="src\Body\SwipingHand.cpp">
			<Filter>src\Body</Filter>
		</ClCompile>
		<ClCompile Include="src\Content.cpp">
			<Filter>src</Filter>
		</ClCompile>
		<ClCompile Include="src\CutoutAnim\CutoutAnim.cpp">
			<Filter>src\CutoutAnim</Filter>
		</ClCompile>
		<ClCompile Include="src\CutoutAnim\Flyer\FishLike.cpp">
			<Filter>src\CutoutAnim\Flyer</Filter>
		</ClCompile>
		<ClCompile Include="src\CutoutAnim\Flyer\Flyer.cpp">
			<Filter>src\CutoutAnim\Flyer</Filter>
		</ClCompile>
		<ClCompile Include="src\CutoutAnim\Flyer\FlyerBase.cpp">
			<Filter>src\CutoutAnim\Flyer</Filter>
		</ClCompile>
		<ClCompile Include="src\CutoutAnim\Flyer\StraightThing.cpp">
			<Filter>src\CutoutAnim\Flyer</Filter>
		</ClCompile>
		<ClCompile Include="src\CutoutAnim\Flyer\Wavy.cpp">
			<Filter>src\CutoutAnim\Flyer</Filter>
		</ClCompile>
		<ClCompile Include="src\CutoutAnim\Knife\Knife.cpp">
			<Filter>src\CutoutAnim\Knife</Filter>
		</ClCompile>
		<ClCompile Include="src\CutoutAnim\Knife\KnifeTexture.cpp">
			<Filter>src\CutoutAnim\Knife</Filter>
		</ClCompile>
		<ClCompile Include="src\CutoutAnim\Knife\Knives.cpp">
			<Filter>src\CutoutAnim\Knife</Filter>
		</ClCompile>
		<ClCompile Include="src\CutoutAnim\Kyo\Kyo.cpp">
			<Filter>src\CutoutAnim\Kyo</Filter>
		</ClCompile>
		<ClCompile Include="src\CutoutAnim\Kyo\KyoTexture.cpp">
			<Filter>src\CutoutAnim\Kyo</Filter>
		</ClCompile>
		<ClCompile Include="src\CutoutAnim\Portrait\Portrait.cpp">
			<Filter>src\CutoutAnim\Portrait</Filter>
		</ClCompile>
		<ClCompile Include="src\CutoutAnim\Portrait\Portraits.cpp">
			<Filter>src\CutoutAnim\Portrait</Filter>
		</ClCompile>
		<ClCompile Include="src\CutoutAnim\Portrait\PortraitTexture.cpp">
			<Filter>src\CutoutAnim\Portrait</Filter>
		</ClCompile>
		<ClCompile Include="src\Drawing\Drawer.cpp">
			<Filter>src\Drawing</Filter>
		</ClCompile>
		<ClCompile Include="src\Drawing\Painting.cpp">
			<Filter>src\Drawing</Filter>
		</ClCompile>
		<ClCompile Include="src\Drawing\Puppet.cpp">
			<Filter>src\Drawing</Filter>
		</ClCompile>
		<ClCompile Include="src\Drawing\PuppetInstance.cpp">
			<Filter>src\Drawing</Filter>
		</ClCompile>
		<ClCompile Include="src\GUI.cpp">
			<Filter>src</Filter>
		</ClCompile>
		<ClCompile Include="src\Kinect\Kinect.cpp">
			<Filter>src\Kinect</Filter>
		</ClCompile>
		<ClCompile Include="src\main.cpp">
			<Filter>src</Filter>
		</ClCompile>
		<ClCompile Include="src\ofApp.cpp">
			<Filter>src</Filter>
		</ClCompile>
		<ClCompile Include="src\Projector\Projector.cpp">
			<Filter>src\Projector</Filter>
		</ClCompile>
		<ClCompile Include="src\Projector\ProjectorWarper.cpp">
			<Filter>src\Projector</Filter>
		</ClCompile>
		<ClCompile Include="src\Utils\EventTimer.cpp">
			<Filter>src\Utils</Filter>
		</ClCompile>
		<ClCompile Include="src\Utils\Globals.cpp">
			<Filter>src\Utils</Filter>
		</ClCompile>
		<ClCompile Include="src\Utils\ThreadedContourFinder.cpp">
			<Filter>src\Utils</Filter>
		</ClCompile>
		<ClCompile Include="src\Utils\Warper.cpp">
			<Filter>src\Utils</Filter>
		</ClCompile>
		<ClCompile Include="src\WorkFlow.cpp">
			<Filter>src</Filter>
		</ClCompile>
		<ClCompile Include="..\..\..\addons\ofxGui\src\ofxBaseGui.cpp">
			<Filter>addons\ofxGui\src</Filter>
		</ClCompile>
		<ClCompile Include="..\..\..\addons\ofxGui\src\ofxButton.cpp">
			<Filter>addons\ofxGui\src</Filter>
		</ClCompile>
		<ClCompile Include="..\..\..\addons\ofxGui\src\ofxGuiGroup.cpp">
			<Filter>addons\ofxGui\src</Filter>
		</ClCompile>
		<ClCompile Include="..\..\..\addons\ofxGui\src\ofxLabel.cpp">
			<Filter>addons\ofxGui\src</Filter>
		</ClCompile>
		<ClCompile Include="..\..\..\addons\ofxGui\src\ofxPanel.cpp">
			<Filter>addons\ofxGui\src</Filter>
		</ClCompile>
		<ClCompile Include="..\..\..\addons\ofxGui\src\ofxSlider.cpp">
			<Filter>addons\ofxGui\src</Filter>
		</ClCompile>
		<ClCompile Include="..\..\..\addons\ofxGui\src\ofxSliderGroup.cpp">
			<Filter>addons\ofxGui\src</Filter>
		</ClCompile>
		<ClCompile Include="..\..\..\addons\ofxGui\src\ofxToggle.cpp">
			<Filter>addons\ofxGui\src</Filter>
		</ClCompile>
		<ClCompile Include="..\..\..\addons\ofxKinect\src\extra\ofxKinectExtras.cpp">
			<Filter>addons\ofxKinect\src\extra</Filter>
		</ClCompile>
		<ClCompile Include="..\..\..\addons\ofxKinect\src\ofxKinect.cpp">
			<Filter>addons\ofxKinect\src</Filter>
		</ClCompile>
		<ClCompile Include="..\..\..\addons\ofxKinect\libs\libfreenect\platform\windows\libusb10emu\libusb-1.0\failguard.cpp">
			<Filter>addons\ofxKinect\libs\libfreenect\platform\windows\libusb10emu\libusb-1.0</Filter>
		</ClCompile>
		<ClCompile Include="..\..\..\addons\ofxKinect\libs\libfreenect\platform\windows\libusb10emu\libusb-1.0\libusbemu.cpp">
			<Filter>addons\ofxKinect\libs\libfreenect\platform\windows\libusb10emu\libusb-1.0</Filter>
		</ClCompile>
		<ClCompile Include="..\..\..\addons\ofxKinect\libs\libfreenect\src\audio.c">
			<Filter>addons\ofxKinect\libs\libfreenect\src</Filter>
		</ClCompile>
		<ClCompile Include="..\..\..\addons\ofxKinect\libs\libfreenect\src\cameras.c">
			<Filter>addons\ofxKinect\libs\libfreenect\src</Filter>
		</ClCompile>
		<ClCompile Include="..\..\..\addons\ofxKinect\libs\libfreenect\src\core.c">
			<Filter>addons\ofxKinect\libs\libfreenect\src</Filter>
		</ClCompile>
		<ClCompile Include="..\..\..\addons\ofxKinect\libs\libfreenect\src\flags.c">
			<Filter>addons\ofxKinect\libs\libfreenect\src</Filter>
		</ClCompile>
		<ClCompile Include="..\..\..\addons\ofxKinect\libs\libfreenect\src\keep_alive.c">
			<Filter>addons\ofxKinect\libs\libfreenect\src</Filter>
		</ClCompile>
		<ClCompile Include="..\..\..\addons\ofxKinect\libs\libfreenect\src\loader.c">
			<Filter>addons\ofxKinect\libs\libfreenect\src</Filter>
		</ClCompile>
		<ClCompile Include="..\..\..\addons\ofxKinect\libs\libfreenect\src\registration.c">
			<Filter>addons\ofxKinect\libs\libfreenect\src</Filter>
		</ClCompile>
		<ClCompile Include="..\..\..\addons\ofxKinect\libs\libfreenect\src\tilt.c">
			<Filter>addons\ofxKinect\libs\libfreenect\src</Filter>
		</ClCompile>
		<ClCompile Include="..\..\..\addons\ofxKinect\libs\libfreenect\src\usb_libusb10.c">
			<Filter>addons\ofxKinect\libs\libfreenect\src</Filter>
		</ClCompile>
		<ClCompile Include="..\..\..\addons\ofxKinect\libs\libfreenect\platform\windows\libusb10emu\libusb-1.0\failguard.cpp">
			<Filter>other</Filter>
		</ClCompile>
		<ClCompile Include="..\..\..\addons\ofxKinect\libs\libfreenect\platform\windows\libusb10emu\libusb-1.0\libusbemu.cpp">
			<Filter>other</Filter>
		</ClCompile>
		<ClCompile Include="..\..\..\addons\ofxOpenCv\src\ofxCvColorImage.cpp">
			<Filter>addons\ofxOpenCv\src</Filter>
		</ClCompile>
		<ClCompile Include="..\..\..\addons\ofxOpenCv\src\ofxCvContourFinder.cpp">
			<Filter>addons\ofxOpenCv\src</Filter>
		</ClCompile>
		<ClCompile Include="..\..\..\addons\ofxOpenCv\src\ofxCvFloatImage.cpp">
			<Filter>addons\ofxOpenCv\src</Filter>
		</ClCompile>
		<ClCompile Include="..\..\..\addons\ofxOpenCv\src\ofxCvGrayscaleImage.cpp">
			<Filter>addons\ofxOpenCv\src</Filter>
		</ClCompile>
		<ClCompile Include="..\..\..\addons\ofxOpenCv\src\ofxCvHaarFinder.cpp">
			<Filter>addons\ofxOpenCv\src</Filter>
		</ClCompile>
		<ClCompile Include="..\..\..\addons\ofxOpenCv\src\ofxCvImage.cpp">
			<Filter>addons\ofxOpenCv\src</Filter>
		</ClCompile>
		<ClCompile Include="..\..\..\addons\ofxOpenCv\src\ofxCvShortImage.cpp">
			<Filter>addons\ofxOpenCv\src</Filter>
		</ClCompile>
		<ClCompile Include="..\..\..\addons\ofxXmlSettings\src\ofxXmlSettings.cpp">
			<Filter>addons\ofxXmlSettings\src</Filter>
		</ClCompile>
		<ClCompile Include="..\..\..\addons\ofxXmlSettings\libs\tinyxml.cpp">
			<Filter>addons\ofxXmlSettings\libs</Filter>
		</ClCompile>
		<ClCompile Include="..\..\..\addons\ofxXmlSettings\libs\tinyxmlerror.cpp">
			<Filter>addons\ofxXmlSettings\libs</Filter>
		</ClCompile>
		<ClCompile Include="..\..\..\addons\ofxXmlSettings\libs\tinyxmlparser.cpp">
			<Filter>addons\ofxXmlSettings\libs</Filter>
		</ClCompile>
		<ClCompile Include="addons\ofxQuadWarp\src\ofxQuadWarp.cpp">
			<Filter>local_addons\ofxQuadWarp\src</Filter>
		</ClCompile>
		<ClCompile Include="addons\ofxCv\libs\CLD\src\ETF.cpp">
			<Filter>local_addons\ofxCv\libs\CLD\src</Filter>
		</ClCompile>
		<ClCompile Include="addons\ofxCv\libs\CLD\src\fdog.cpp">
			<Filter>local_addons\ofxCv\libs\CLD\src</Filter>
		</ClCompile>
		<ClCompile Include="addons\ofxCv\libs\ofxCv\src\Calibration.cpp">
			<Filter>local_addons\ofxCv\libs\ofxCv\src</Filter>
		</ClCompile>
		<ClCompile Include="addons\ofxCv\libs\ofxCv\src\ContourFinder.cpp">
			<Filter>local_addons\ofxCv\libs\ofxCv\src</Filter>
		</ClCompile>
		<ClCompile Include="addons\ofxCv\libs\ofxCv\src\Distance.cpp">
			<Filter>local_addons\ofxCv\libs\ofxCv\src</Filter>
		</ClCompile>
		<ClCompile Include="addons\ofxCv\libs\ofxCv\src\Flow.cpp">
			<Filter>local_addons\ofxCv\libs\ofxCv\src</Filter>
		</ClCompile>
		<ClCompile Include="addons\ofxCv\libs\ofxCv\src\Helpers.cpp">
			<Filter>local_addons\ofxCv\libs\ofxCv\src</Filter>
		</ClCompile>
		<ClCompile Include="addons\ofxCv\libs\ofxCv\src\Kalman.cpp">
			<Filter>local_addons\ofxCv\libs\ofxCv\src</Filter>
		</ClCompile>
		<ClCompile Include="addons\ofxCv\libs\ofxCv\src\ObjectFinder.cpp">
			<Filter>local_addons\ofxCv\libs\ofxCv\src</Filter>
		</ClCompile>
		<ClCompile Include="addons\ofxCv\libs\ofxCv\src\RunningBackground.cpp">
			<Filter>local_addons\ofxCv\libs\ofxCv\src</Filter>
		</ClCompile>
		<ClCompile Include="addons\ofxCv\libs\ofxCv\src\Tracker.cpp">
			<Filter>local_addons\ofxCv\libs\ofxCv\src</Filter>
		</ClCompile>
		<ClCompile Include="addons\ofxCv\libs\ofxCv\src\Utilities.cpp">
			<Filter>local_addons\ofxCv\libs\ofxCv\src</Filter>
		</ClCompile>
		<ClCompile Include="addons\ofxCv\libs\ofxCv\src\Wrappers.cpp">
			<Filter>local_addons\ofxCv\libs\ofxCv\src</Filter>
		</ClCompile>
		<ClCompile Include="addons\ofxTweenzor\src\Tween.cpp">
			<Filter>local_addons\ofxTweenzor\src</Filter>
		</ClCompile>
		<ClCompile Include="addons\ofxTweenzor\src\Tweenzor.cpp">
			<Filter>local_addons\ofxTweenzor\src</Filter>
		</ClCompile>
		<ClCompile Include="addons\ofxBox2d\src\ofxBox2d.cpp">
			<Filter>local_addons\ofxBox2d\src</Filter>
		</ClCompile>
		<ClCompile Include="addons\ofxBox2d\src\ofxBox2dBaseShape.cpp">
			<Filter>local_addons\ofxBox2d\src</Filter>
		</ClCompile>
		<ClCompile Include="addons\ofxBox2d\src\ofxBox2dCircle.cpp">
			<Filter>local_addons\ofxBox2d\src</Filter>
		</ClCompile>
		<ClCompile Include="addons\ofxBox2d\src\ofxBox2dConvexPoly.cpp">
			<Filter>local_addons\ofxBox2d\src</Filter>
		</ClCompile>
		<ClCompile Include="addons\ofxBox2d\src\ofxBox2dEdge.cpp">
			<Filter>local_addons\ofxBox2d\src</Filter>
		</ClCompile>
		<ClCompile Include="addons\ofxBox2d\src\ofxBox2dJoint.cpp">
			<Filter>local_addons\ofxBox2d\src</Filter>
		</ClCompile>
		<ClCompile Include="addons\ofxBox2d\src\ofxBox2dPolygon.cpp">
			<Filter>local_addons\ofxBox2d\src</Filter>
		</ClCompile>
		<ClCompile Include="addons\ofxBox2d\src\ofxBox2dRect.cpp">
			<Filter>local_addons\ofxBox2d\src</Filter>
		</ClCompile>
		<ClCompile Include="addons\ofxBox2d\libs\Box2D\Collision\b2BroadPhase.cpp">
			<Filter>local_addons\ofxBox2d\libs\Box2D\Collision</Filter>
		</ClCompile>
		<ClCompile Include="addons\ofxBox2d\libs\Box2D\Collision\b2CollideCircle.cpp">
			<Filter>local_addons\ofxBox2d\libs\Box2D\Collision</Filter>
		</ClCompile>
		<ClCompile Include="addons\ofxBox2d\libs\Box2D\Collision\b2CollideEdge.cpp">
			<Filter>local_addons\ofxBox2d\libs\Box2D\Collision</Filter>
		</ClCompile>
		<ClCompile Include="addons\ofxBox2d\libs\Box2D\Collision\b2CollidePolygon.cpp">
			<Filter>local_addons\ofxBox2d\libs\Box2D\Collision</Filter>
		</ClCompile>
		<ClCompile Include="addons\ofxBox2d\libs\Box2D\Collision\b2Collision.cpp">
			<Filter>local_addons\ofxBox2d\libs\Box2D\Collision</Filter>
		</ClCompile>
		<ClCompile Include="addons\ofxBox2d\libs\Box2D\Collision\b2Distance.cpp">
			<Filter>local_addons\ofxBox2d\libs\Box2D\Collision</Filter>
		</ClCompile>
		<ClCompile Include="addons\ofxBox2d\libs\Box2D\Collision\b2DynamicTree.cpp">
			<Filter>local_addons\ofxBox2d\libs\Box2D\Collision</Filter>
		</ClCompile>
		<ClCompile Include="addons\ofxBox2d\libs\Box2D\Collision\b2TimeOfImpact.cpp">
			<Filter>local_addons\ofxBox2d\libs\Box2D\Collision</Filter>
		</ClCompile>
		<ClCompile Include="addons\ofxBox2d\libs\Box2D\Collision\Shapes\b2ChainShape.cpp">
			<Filter>local_addons\ofxBox2d\libs\Box2D\Collision\Shapes</Filter>
		</ClCompile>
		<ClCompile Include="addons\ofxBox2d\libs\Box2D\Collision\Shapes\b2CircleShape.cpp">
			<Filter>local_addons\ofxBox2d\libs\Box2D\Collision\Shapes</Filter>
		</ClCompile>
		<ClCompile Include="addons\ofxBox2d\libs\Box2D\Collision\Shapes\b2EdgeShape.cpp">
			<Filter>local_addons\ofxBox2d\libs\Box2D\Collision\Shapes</Filter>
		</ClCompile>
		<ClCompile Include="addons\ofxBox2d\libs\Box2D\Collision\Shapes\b2PolygonShape.cpp">
			<Filter>local_addons\ofxBox2d\libs\Box2D\Collision\Shapes</Filter>
		</ClCompile>
		<ClCompile Include="addons\ofxBox2d\libs\Box2D\Common\b2BlockAllocator.cpp">
			<Filter>local_addons\ofxBox2d\libs\Box2D\Common</Filter>
		</ClCompile>
		<ClCompile Include="addons\ofxBox2d\libs\Box2D\Common\b2Draw.cpp">
			<Filter>local_addons\ofxBox2d\libs\Box2D\Common</Filter>
		</ClCompile>
		<ClCompile Include="addons\ofxBox2d\libs\Box2D\Common\b2Math.cpp">
			<Filter>local_addons\ofxBox2d\libs\Box2D\Common</Filter>
		</ClCompile>
		<ClCompile Include="addons\ofxBox2d\libs\Box2D\Common\b2Settings.cpp">
			<Filter>local_addons\ofxBox2d\libs\Box2D\Common</Filter>
		</ClCompile>
		<ClCompile Include="addons\ofxBox2d\libs\Box2D\Common\b2StackAllocator.cpp">
			<Filter>local_addons\ofxBox2d\libs\Box2D\Common</Filter>
		</ClCompile>
		<ClCompile Include="addons\ofxBox2d\libs\Box2D\Common\b2Timer.cpp">
			<Filter>local_addons\ofxBox2d\libs\Box2D\Common</Filter>
		</ClCompile>
		<ClCompile Include="addons\ofxBox2d\libs\Box2D\Dynamics\b2Body.cpp">
			<Filter>local_addons\ofxBox2d\libs\Box2D\Dynamics</Filter>
		</ClCompile>
		<ClCompile Include="addons\ofxBox2d\libs\Box2D\Dynamics\b2ContactManager.cpp">
			<Filter>local_addons\ofxBox2d\libs\Box2D\Dynamics</Filter>
		</ClCompile>
		<ClCompile Include="addons\ofxBox2d\libs\Box2D\Dynamics\b2Fixture.cpp">
			<Filter>local_addons\ofxBox2d\libs\Box2D\Dynamics</Filter>
		</ClCompile>
		<ClCompile Include="addons\ofxBox2d\libs\Box2D\Dynamics\b2Island.cpp">
			<Filter>local_addons\ofxBox2d\libs\Box2D\Dynamics</Filter>
		</ClCompile>
		<ClCompile Include="addons\ofxBox2d\libs\Box2D\Dynamics\b2World.cpp">
			<Filter>local_addons\ofxBox2d\libs\Box2D\Dynamics</Filter>
		</ClCompile>
		<ClCompile Include="addons\ofxBox2d\libs\Box2D\Dynamics\b2WorldCallbacks.cpp">
			<Filter>local_addons\ofxBox2d\libs\Box2D\Dynamics</Filter>
		</ClCompile>
		<ClCompile Include="addons\ofxBox2d\libs\Box2D\Dynamics\Contacts\b2ChainAndCircleContact.cpp">
			<Filter>local_addons\ofxBox2d\libs\Box2D\Dynamics\Contacts</Filter>
		</ClCompile>
		<ClCompile Include="addons\ofxBox2d\libs\Box2D\Dynamics\Contacts\b2ChainAndPolygonContact.cpp">
			<Filter>local_addons\ofxBox2d\libs\Box2D\Dynamics\Contacts</Filter>
		</ClCompile>
		<ClCompile Include="addons\ofxBox2d\libs\Box2D\Dynamics\Contacts\b2CircleContact.cpp">
			<Filter>local_addons\ofxBox2d\libs\Box2D\Dynamics\Contacts</Filter>
		</ClCompile>
		<ClCompile Include="addons\ofxBox2d\libs\Box2D\Dynamics\Contacts\b2Contact.cpp">
			<Filter>local_addons\ofxBox2d\libs\Box2D\Dynamics\Contacts</Filter>
		</ClCompile>
		<ClCompile Include="addons\ofxBox2d\libs\Box2D\Dynamics\Contacts\b2ContactSolver.cpp">
			<Filter>local_addons\ofxBox2d\libs\Box2D\Dynamics\Contacts</Filter>
		</ClCompile>
		<ClCompile Include="addons\ofxBox2d\libs\Box2D\Dynamics\Contacts\b2EdgeAndCircleContact.cpp">
			<Filter>local_addons\ofxBox2d\libs\Box2D\Dynamics\Contacts</Filter>
		</ClCompile>
		<ClCompile Include="addons\ofxBox2d\libs\Box2D\Dynamics\Contacts\b2EdgeAndPolygonContact.cpp">
			<Filter>local_addons\ofxBox2d\libs\Box2D\Dynamics\Contacts</Filter>
		</ClCompile>
		<ClCompile Include="addons\ofxBox2d\libs\Box2D\Dynamics\Contacts\b2PolygonAndCircleContact.cpp">
			<Filter>local_addons\ofxBox2d\libs\Box2D\Dynamics\Contacts</Filter>
		</ClCompile>
		<ClCompile Include="addons\ofxBox2d\libs\Box2D\Dynamics\Contacts\b2PolygonContact.cpp">
			<Filter>local_addons\ofxBox2d\libs\Box2D\Dynamics\Contacts</Filter>
		</ClCompile>
		<ClCompile Include="addons\ofxBox2d\libs\Box2D\Dynamics\Joints\b2DistanceJoint.cpp">
			<Filter>local_addons\ofxBox2d\libs\Box2D\Dynamics\Joints</Filter>
		</ClCompile>
		<ClCompile Include="addons\ofxBox2d\libs\Box2D\Dynamics\Joints\b2FrictionJoint.cpp">
			<Filter>local_addons\ofxBox2d\libs\Box2D\Dynamics\Joints</Filter>
		</ClCompile>
		<ClCompile Include="addons\ofxBox2d\libs\Box2D\Dynamics\Joints\b2GearJoint.cpp">
			<Filter>local_addons\ofxBox2d\libs\Box2D\Dynamics\Joints</Filter>
		</ClCompile>
		<ClCompile Include="addons\ofxBox2d\libs\Box2D\Dynamics\Joints\b2Joint.cpp">
			<Filter>local_addons\ofxBox2d\libs\Box2D\Dynamics\Joints</Filter>
		</ClCompile>
		<ClCompile Include="addons\ofxBox2d\libs\Box2D\Dynamics\Joints\b2MotorJoint.cpp">
			<Filter>local_addons\ofxBox2d\libs\Box2D\Dynamics\Joints</Filter>
		</ClCompile>
		<ClCompile Include="addons\ofxBox2d\libs\Box2D\Dynamics\Joints\b2MouseJoint.cpp">
			<Filter>local_addons\ofxBox2d\libs\Box2D\Dynamics\Joints</Filter>
		</ClCompile>
		<ClCompile Include="addons\ofxBox2d\libs\Box2D\Dynamics\Joints\b2PrismaticJoint.cpp">
			<Filter>local_addons\ofxBox2d\libs\Box2D\Dynamics\Joints</Filter>
		</ClCompile>
		<ClCompile Include="addons\ofxBox2d\libs\Box2D\Dynamics\Joints\b2PulleyJoint.cpp">
			<Filter>local_addons\ofxBox2d\libs\Box2D\Dynamics\Joints</Filter>
		</ClCompile>
		<ClCompile Include="addons\ofxBox2d\libs\Box2D\Dynamics\Joints\b2RevoluteJoint.cpp">
			<Filter>local_addons\ofxBox2d\libs\Box2D\Dynamics\Joints</Filter>
		</ClCompile>
		<ClCompile Include="addons\ofxBox2d\libs\Box2D\Dynamics\Joints\b2RopeJoint.cpp">
			<Filter>local_addons\ofxBox2d\libs\Box2D\Dynamics\Joints</Filter>
		</ClCompile>
		<ClCompile Include="addons\ofxBox2d\libs\Box2D\Dynamics\Joints\b2WeldJoint.cpp">
			<Filter>local_addons\ofxBox2d\libs\Box2D\Dynamics\Joints</Filter>
		</ClCompile>
		<ClCompile Include="addons\ofxBox2d\libs\Box2D\Dynamics\Joints\b2WheelJoint.cpp">
			<Filter>local_addons\ofxBox2d\libs\Box2D\Dynamics\Joints</Filter>
		</ClCompile>
		<ClCompile Include="addons\ofxBox2d\libs\Box2D\Rope\b2Rope.cpp">
			<Filter>local_addons\ofxBox2d\libs\Box2D\Rope</Filter>
		</ClCompile>
		<ClCompile Include="addons\ofxBox2d\libs\triangle\del_impl.cpp">
			<Filter>local_addons\ofxBox2d\libs\triangle</Filter>
		</ClCompile>
		<ClCompile Include="addons\ofxInkSim\src\brush\BrashIF.cpp">
			<Filter>local_addons\ofxInkSim\src\brush</Filter>
		</ClCompile>
		<ClCompile Include="addons\ofxInkSim\src\brush\SampleBrush.cpp">
			<Filter>local_addons\ofxInkSim\src\brush</Filter>
		</ClCompile>
		<ClCompile Include="addons\ofxInkSim\src\FboPingPong.cpp">
			<Filter>local_addons\ofxInkSim\src</Filter>
		</ClCompile>
		<ClCompile Include="addons\ofxInkSim\src\ofxInkSim.cpp">
			<Filter>local_addons\ofxInkSim\src</Filter>
		</ClCompile>
		<ClCompile Include="addons\ofxPuppet\src\ofxPuppet.cpp">
			<Filter>local_addons\ofxPuppet\src</Filter>
		</ClCompile>
		<ClCompile Include="addons\ofxPuppet\src\ofxPuppetInteractive.cpp">
			<Filter>local_addons\ofxPuppet\src</Filter>
		</ClCompile>
		<ClCompile Include="addons\ofxPuppet\libs\rigidAsPossibleMesh\src\LinearAlgebra.cpp">
			<Filter>local_addons\ofxPuppet\libs\rigidAsPossibleMesh\src</Filter>
		</ClCompile>
		<ClCompile Include="addons\ofxPuppet\libs\rigidAsPossibleMesh\src\RigidMeshDeformer2D.cpp">
			<Filter>local_addons\ofxPuppet\libs\rigidAsPossibleMesh\src</Filter>
		</ClCompile>
		<ClCompile Include="addons\ofxPuppet\libs\rigidAsPossibleMesh\src\TriangleMesh.cpp">
			<Filter>local_addons\ofxPuppet\libs\rigidAsPossibleMesh\src</Filter>
		</ClCompile>
		<ClCompile Include="addons\ofxPuppet\libs\rigidAsPossibleMesh\src\WmlExtTriangleUtils.cpp">
			<Filter>local_addons\ofxPuppet\libs\rigidAsPossibleMesh\src</Filter>
		</ClCompile>
		<ClCompile Include="addons\ofxPuppet\libs\rigidAsPossibleMesh\src\WmlLinearSystemExt.cpp">
			<Filter>local_addons\ofxPuppet\libs\rigidAsPossibleMesh\src</Filter>
		</ClCompile>
		<ClCompile Include="addons\ofxPuppet\libs\wml\src\WmlBandedMatrix.cpp">
			<Filter>local_addons\ofxPuppet\libs\wml\src</Filter>
		</ClCompile>
		<ClCompile Include="addons\ofxPuppet\libs\wml\src\WmlBox2.cpp">
			<Filter>local_addons\ofxPuppet\libs\wml\src</Filter>
		</ClCompile>
		<ClCompile Include="addons\ofxPuppet\libs\wml\src\WmlGMatrix.cpp">
			<Filter>local_addons\ofxPuppet\libs\wml\src</Filter>
		</ClCompile>
		<ClCompile Include="addons\ofxPuppet\libs\wml\src\WmlGVector.cpp">
			<Filter>local_addons\ofxPuppet\libs\wml\src</Filter>
		</ClCompile>
		<ClCompile Include="addons\ofxPuppet\libs\wml\src\WmlLinearSystem.cpp">
			<Filter>local_addons\ofxPuppet\libs\wml\src</Filter>
		</ClCompile>
		<ClCompile Include="addons\ofxPuppet\libs\wml\src\WmlMath.cpp">
			<Filter>local_addons\ofxPuppet\libs\wml\src</Filter>
		</ClCompile>
		<ClCompile Include="addons\ofxPuppet\libs\wml\src\WmlMatrix4.cpp">
			<Filter>local_addons\ofxPuppet\libs\wml\src</Filter>
		</ClCompile>
		<ClCompile Include="addons\ofxPuppet\libs\wml\src\WmlVector2.cpp">
			<Filter>local_addons\ofxPuppet\libs\wml\src</Filter>
		</ClCompile>
		<ClCompile Include="addons\ofxPuppet\libs\wml\src\WmlVector3.cpp">
			<Filter>local_addons\ofxPuppet\libs\wml\src</Filter>
		</ClCompile>
		<ClCompile Include="addons\ofxPuppet\libs\wml\src\WmlVector4.cpp">
			<Filter>local_addons\ofxPuppet\libs\wml\src</Filter>
		</ClCompile>
		<ClCompile Include="addons\ofxTriangleMesh\src\ofxTriangleMesh.cpp">
			<Filter>local_addons\ofxTriangleMesh\src</Filter>
		</ClCompile>
		<ClCompile Include="addons\ofxTriangleMesh\libs\Triangle\triangle_mesh.cpp">
			<Filter>local_addons\ofxTriangleMesh\libs\Triangle</Filter>
		</ClCompile>
	</ItemGroup>
	<ItemGroup>
		<Filter Include="src">
			<UniqueIdentifier>{d8376475-7454-4a24-b08a-aac121d3ad6f}</UniqueIdentifier>
		</Filter>
		<Filter Include="src\Anim">
			<UniqueIdentifier>{F3B000D4-2D4F-C846-5F28-621A}</UniqueIdentifier>
		</Filter>
		<Filter Include="src\Anim\Ink">
			<UniqueIdentifier>{C36A73B5-9F0E-25E2-E355-BDA8}</UniqueIdentifier>
		</Filter>
		<Filter Include="src\Body">
			<UniqueIdentifier>{D8FB34A1-4C7D-EB42-8DA8-3A92}</UniqueIdentifier>
		</Filter>
		<Filter Include="src\CutoutAnim">
			<UniqueIdentifier>{57296778-1D09-D2AF-37DE-87DE}</UniqueIdentifier>
		</Filter>
		<Filter Include="src\CutoutAnim\Flyer">
			<UniqueIdentifier>{48492B1B-9164-CB62-AF47-5951}</UniqueIdentifier>
		</Filter>
		<Filter Include="src\CutoutAnim\Knife">
			<UniqueIdentifier>{A961F8C9-CFDE-42C0-505A-4FAC}</UniqueIdentifier>
		</Filter>
		<Filter Include="src\CutoutAnim\Kyo">
			<UniqueIdentifier>{96132D15-B3D2-7702-3E1D-9869}</UniqueIdentifier>
		</Filter>
		<Filter Include="src\CutoutAnim\Portrait">
			<UniqueIdentifier>{AB875E49-CB3F-B1EC-60FE-9E53}</UniqueIdentifier>
		</Filter>
		<Filter Include="src\Drawing">
			<UniqueIdentifier>{F2ED603E-11E7-BB7B-34A2-38AA}</UniqueIdentifier>
		</Filter>
		<Filter Include="src\Kinect">
			<UniqueIdentifier>{74CDBF59-28A3-0DC1-AAA8-FA10}</UniqueIdentifier>
		</Filter>
		<Filter Include="src\Projector">
			<UniqueIdentifier>{C280CB32-4C7E-1652-3B60-DA29}</UniqueIdentifier>
		</Filter>
		<Filter Include="src\Utils">
			<UniqueIdentifier>{24732C9A-1DFB-50D0-A1EC-A8F3}</UniqueIdentifier>
		</Filter>
		<Filter Include="addons">
			<UniqueIdentifier>{71834F65-F3A9-211E-73B8-DC85}</UniqueIdentifier>
		</Filter>
		<Filter Include="addons\ofxGui">
			<UniqueIdentifier>{4F2A59AF-5F4E-704B-D067-EC13}</UniqueIdentifier>
		</Filter>
		<Filter Include="addons\ofxGui\src">
			<UniqueIdentifier>{645E9533-4DCD-6179-1CDF-CB65}</UniqueIdentifier>
		</Filter>
		<Filter Include="addons\ofxKinect">
			<UniqueIdentifier>{B7F05916-2DAA-8604-92E8-9A28}</UniqueIdentifier>
		</Filter>
		<Filter Include="addons\ofxKinect\src">
			<UniqueIdentifier>{C16604A1-D9F2-E615-4352-057F}</UniqueIdentifier>
		</Filter>
		<Filter Include="addons\ofxKinect\src\extra">
			<UniqueIdentifier>{7EB153FE-B71B-8161-D6DE-947F}</UniqueIdentifier>
		</Filter>
		<Filter Include="addons\ofxKinect\libs">
			<UniqueIdentifier>{3BE4DDBD-E9EF-0189-E5FD-4477}</UniqueIdentifier>
		</Filter>
		<Filter Include="addons\ofxKinect\libs\libfreenect">
			<UniqueIdentifier>{6416D445-F422-712E-EDA0-F45E}</UniqueIdentifier>
		</Filter>
		<Filter Include="addons\ofxKinect\libs\libfreenect\include">
			<UniqueIdentifier>{F7A2459D-BD30-38D3-05BB-4653}</UniqueIdentifier>
		</Filter>
		<Filter Include="addons\ofxKinect\libs\libfreenect\platform">
			<UniqueIdentifier>{7103C6E1-7CB0-0812-CF4A-0C3F}</UniqueIdentifier>
		</Filter>
		<Filter Include="addons\ofxKinect\libs\libfreenect\platform\windows">
			<UniqueIdentifier>{6FC8E074-DEF7-EC60-8276-5D23}</UniqueIdentifier>
		</Filter>
		<Filter Include="addons\ofxKinect\libs\libfreenect\platform\windows\libusb10emu">
			<UniqueIdentifier>{BA4C2EF6-D0B5-7776-4EAC-8747}</UniqueIdentifier>
		</Filter>
		<Filter Include="addons\ofxKinect\libs\libfreenect\platform\windows\libusb10emu\libusb-1.0">
			<UniqueIdentifier>{3454A2E9-B42D-4841-319D-5EC4}</UniqueIdentifier>
		</Filter>
		<Filter Include="addons\ofxKinect\libs\libfreenect\src">
			<UniqueIdentifier>{62D6194F-F881-A1EE-EF63-07E8}</UniqueIdentifier>
		</Filter>
		<Filter Include="addons\ofxKinect\libs\libusb-1.0">
			<UniqueIdentifier>{5838B809-7FFE-7F4F-F59D-CD6F}</UniqueIdentifier>
		</Filter>
		<Filter Include="addons\ofxKinect\libs\libusb-1.0\include">
			<UniqueIdentifier>{E7C89560-D6AC-0A54-F045-7C6A}</UniqueIdentifier>
		</Filter>
		<Filter Include="addons\ofxKinect\libs\libusb-1.0\include\libusb-1.0">
			<UniqueIdentifier>{18315E5D-B960-517E-8B9F-6870}</UniqueIdentifier>
		</Filter>
		<Filter Include="addons\ofxKinect\libs\libusb-win32">
			<UniqueIdentifier>{8A8ECFF4-1224-885A-A8CA-E99F}</UniqueIdentifier>
		</Filter>
		<Filter Include="addons\ofxKinect\libs\libusb-win32\include">
			<UniqueIdentifier>{D1AFEAD3-991A-EAD4-639C-4098}</UniqueIdentifier>
		</Filter>
		<Filter Include="other">
			<UniqueIdentifier>{A2230F47-9F6B-908F-FF0E-E006}</UniqueIdentifier>
		</Filter>
		<Filter Include="addons\ofxOpenCv">
			<UniqueIdentifier>{FFA81411-43B9-BD99-75AF-1DC3}</UniqueIdentifier>
		</Filter>
		<Filter Include="addons\ofxOpenCv\src">
			<UniqueIdentifier>{00DE84A0-C30B-9800-5466-EA40}</UniqueIdentifier>
		</Filter>
		<Filter Include="addons\ofxOpenCv\libs">
			<UniqueIdentifier>{EFE72F22-7F5A-0F39-EC5E-1382}</UniqueIdentifier>
		</Filter>
		<Filter Include="addons\ofxOpenCv\libs\opencv">
			<UniqueIdentifier>{0391AB06-09E3-B0B3-3E3B-A02B}</UniqueIdentifier>
		</Filter>
		<Filter Include="addons\ofxOpenCv\libs\opencv\include">
			<UniqueIdentifier>{18BB18A3-47A8-9F08-1A3F-16FC}</UniqueIdentifier>
		</Filter>
		<Filter Include="addons\ofxOpenCv\libs\opencv\include\opencv">
			<UniqueIdentifier>{C867B0DE-B007-11B8-C182-5344}</UniqueIdentifier>
		</Filter>
		<Filter Include="addons\ofxOpenCv\libs\opencv\include\opencv2">
			<UniqueIdentifier>{BCD8ABD4-43E3-302D-A2D3-9FE1}</UniqueIdentifier>
		</Filter>
		<Filter Include="addons\ofxOpenCv\libs\opencv\include\opencv2\calib3d">
			<UniqueIdentifier>{E7CFFFA1-9DFA-D919-100C-FDAA}</UniqueIdentifier>
		</Filter>
		<Filter Include="addons\ofxOpenCv\libs\opencv\include\opencv2\contrib">
			<UniqueIdentifier>{776C25CB-CD33-75A7-DF99-B8C6}</UniqueIdentifier>
		</Filter>
		<Filter Include="addons\ofxOpenCv\libs\opencv\include\opencv2\core">
			<UniqueIdentifier>{2ABB36D0-FBE0-DD47-75A8-5882}</UniqueIdentifier>
		</Filter>
		<Filter Include="addons\ofxOpenCv\libs\opencv\include\opencv2\features2d">
			<UniqueIdentifier>{FFED61A2-DA84-E61F-DAA8-23D8}</UniqueIdentifier>
		</Filter>
		<Filter Include="addons\ofxOpenCv\libs\opencv\include\opencv2\flann">
			<UniqueIdentifier>{35E18472-D925-59BD-12EF-E1E6}</UniqueIdentifier>
		</Filter>
		<Filter Include="addons\ofxOpenCv\libs\opencv\include\opencv2\gpu">
			<UniqueIdentifier>{82D85C2C-89A0-69CF-61C4-9983}</UniqueIdentifier>
		</Filter>
		<Filter Include="addons\ofxOpenCv\libs\opencv\include\opencv2\gpu\device">
			<UniqueIdentifier>{87ED3A19-22E3-EF06-2780-6215}</UniqueIdentifier>
		</Filter>
		<Filter Include="addons\ofxOpenCv\libs\opencv\include\opencv2\gpu\device\detail">
			<UniqueIdentifier>{F2467EC2-B4B5-D403-2F39-AA9A}</UniqueIdentifier>
		</Filter>
		<Filter Include="addons\ofxOpenCv\libs\opencv\include\opencv2\highgui">
			<UniqueIdentifier>{C5146E31-2B8E-4299-4FB2-2347}</UniqueIdentifier>
		</Filter>
		<Filter Include="addons\ofxOpenCv\libs\opencv\include\opencv2\imgproc">
			<UniqueIdentifier>{E61CD652-51B9-BCE9-A2EB-3331}</UniqueIdentifier>
		</Filter>
		<Filter Include="addons\ofxOpenCv\libs\opencv\include\opencv2\legacy">
			<UniqueIdentifier>{4588FFD4-3240-6021-CF1C-66D1}</UniqueIdentifier>
		</Filter>
		<Filter Include="addons\ofxOpenCv\libs\opencv\include\opencv2\ml">
			<UniqueIdentifier>{C217A119-B337-C774-4EDA-1ACC}</UniqueIdentifier>
		</Filter>
		<Filter Include="addons\ofxOpenCv\libs\opencv\include\opencv2\nonfree">
			<UniqueIdentifier>{8C35B9C2-29E6-F32E-3851-F20E}</UniqueIdentifier>
		</Filter>
		<Filter Include="addons\ofxOpenCv\libs\opencv\include\opencv2\objdetect">
			<UniqueIdentifier>{D1260DF5-DCB4-6729-CD66-ED90}</UniqueIdentifier>
		</Filter>
		<Filter Include="addons\ofxOpenCv\libs\opencv\include\opencv2\photo">
			<UniqueIdentifier>{450E6EA2-482C-4DAE-EF14-EE48}</UniqueIdentifier>
		</Filter>
		<Filter Include="addons\ofxOpenCv\libs\opencv\include\opencv2\stitching">
			<UniqueIdentifier>{EA043335-259C-BCEC-5E49-545A}</UniqueIdentifier>
		</Filter>
		<Filter Include="addons\ofxOpenCv\libs\opencv\include\opencv2\stitching\detail">
			<UniqueIdentifier>{21D034AC-F39C-E724-350A-C7B6}</UniqueIdentifier>
		</Filter>
		<Filter Include="addons\ofxOpenCv\libs\opencv\include\opencv2\superres">
			<UniqueIdentifier>{D2BBE5C7-0D36-257F-DD81-67F0}</UniqueIdentifier>
		</Filter>
		<Filter Include="addons\ofxOpenCv\libs\opencv\include\opencv2\ts">
			<UniqueIdentifier>{AA1539ED-A548-EDA6-1094-37FD}</UniqueIdentifier>
		</Filter>
		<Filter Include="addons\ofxOpenCv\libs\opencv\include\opencv2\video">
			<UniqueIdentifier>{61E04F54-C77F-B674-C2AB-FEC2}</UniqueIdentifier>
		</Filter>
		<Filter Include="addons\ofxOpenCv\libs\opencv\include\opencv2\videostab">
			<UniqueIdentifier>{D4F01CB4-61E3-5965-F3B1-CFB9}</UniqueIdentifier>
		</Filter>
		<Filter Include="addons\ofxXmlSettings">
			<UniqueIdentifier>{877F005D-13E6-0592-1D97-F2E3}</UniqueIdentifier>
		</Filter>
		<Filter Include="addons\ofxXmlSettings\src">
			<UniqueIdentifier>{CCB2AC63-49D2-977C-CFE8-AEAD}</UniqueIdentifier>
		</Filter>
		<Filter Include="addons\ofxXmlSettings\libs">
			<UniqueIdentifier>{687714A8-1662-FA1C-261F-50F0}</UniqueIdentifier>
		</Filter>
		<Filter Include="local_addons">
			<UniqueIdentifier>{DE6745C7-E99D-D8E0-F77D-C032}</UniqueIdentifier>
		</Filter>
		<Filter Include="local_addons\ofxQuadWarp">
			<UniqueIdentifier>{4B91E3A8-8DCA-F96B-17B9-6D01}</UniqueIdentifier>
		</Filter>
		<Filter Include="local_addons\ofxQuadWarp\src">
			<UniqueIdentifier>{DD4E7ADB-CB51-591B-19F0-7B54}</UniqueIdentifier>
		</Filter>
		<Filter Include="local_addons\ofxCv">
			<UniqueIdentifier>{BD300B1E-90AD-3A0B-0D12-E8D6}</UniqueIdentifier>
		</Filter>
		<Filter Include="local_addons\ofxCv\src">
			<UniqueIdentifier>{8C5AC375-7FB2-63E8-059A-2C2D}</UniqueIdentifier>
		</Filter>
		<Filter Include="local_addons\ofxCv\libs">
			<UniqueIdentifier>{7668492C-2892-2B6F-55E0-E235}</UniqueIdentifier>
		</Filter>
		<Filter Include="local_addons\ofxCv\libs\CLD">
			<UniqueIdentifier>{0992AC2B-F4BD-9D76-6DFE-FAD9}</UniqueIdentifier>
		</Filter>
		<Filter Include="local_addons\ofxCv\libs\CLD\include">
			<UniqueIdentifier>{FA85F4D4-1E03-2BB0-AEDE-705D}</UniqueIdentifier>
		</Filter>
		<Filter Include="local_addons\ofxCv\libs\CLD\include\CLD">
			<UniqueIdentifier>{14F0DDD9-3001-B166-FCAC-8482}</UniqueIdentifier>
		</Filter>
		<Filter Include="local_addons\ofxCv\libs\CLD\src">
			<UniqueIdentifier>{AE0F3787-08BE-5760-FA5B-9923}</UniqueIdentifier>
		</Filter>
		<Filter Include="local_addons\ofxCv\libs\ofxCv">
			<UniqueIdentifier>{F0FF84C6-2C18-AFAD-AE5B-3EDD}</UniqueIdentifier>
		</Filter>
		<Filter Include="local_addons\ofxCv\libs\ofxCv\include">
			<UniqueIdentifier>{F68487BF-BE47-1118-4F3A-EE69}</UniqueIdentifier>
		</Filter>
		<Filter Include="local_addons\ofxCv\libs\ofxCv\include\ofxCv">
			<UniqueIdentifier>{63748F57-2F49-2F8E-531B-3A7E}</UniqueIdentifier>
		</Filter>
		<Filter Include="local_addons\ofxCv\libs\ofxCv\src">
			<UniqueIdentifier>{C9A9FBC2-A9F2-6158-7E9C-0ADD}</UniqueIdentifier>
		</Filter>
		<Filter Include="local_addons\ofxTweenzor">
			<UniqueIdentifier>{5B77663D-80F8-98EA-65AD-10B7}</UniqueIdentifier>
		</Filter>
		<Filter Include="local_addons\ofxTweenzor\src">
			<UniqueIdentifier>{9A4F3950-B453-FC44-1FB2-9FC6}</UniqueIdentifier>
		</Filter>
		<Filter Include="local_addons\ofxBox2d">
			<UniqueIdentifier>{5E019D5E-A75F-1075-626E-A18C}</UniqueIdentifier>
		</Filter>
		<Filter Include="local_addons\ofxBox2d\src">
			<UniqueIdentifier>{0915EC60-0630-5848-0B47-2C02}</UniqueIdentifier>
		</Filter>
		<Filter Include="local_addons\ofxBox2d\libs">
			<UniqueIdentifier>{A2A3ABBF-ACC7-E790-CF84-2A4D}</UniqueIdentifier>
		</Filter>
		<Filter Include="local_addons\ofxBox2d\libs\Box2D">
			<UniqueIdentifier>{9536F08B-5803-401A-B354-B96D}</UniqueIdentifier>
		</Filter>
		<Filter Include="local_addons\ofxBox2d\libs\Box2D\Collision">
			<UniqueIdentifier>{8436E2A1-1E00-3EEE-0190-099E}</UniqueIdentifier>
		</Filter>
		<Filter Include="local_addons\ofxBox2d\libs\Box2D\Collision\Shapes">
			<UniqueIdentifier>{5B6B2F0B-4841-3443-4173-97DF}</UniqueIdentifier>
		</Filter>
		<Filter Include="local_addons\ofxBox2d\libs\Box2D\Common">
			<UniqueIdentifier>{AC9CE173-BBBA-B90F-8F92-1561}</UniqueIdentifier>
		</Filter>
		<Filter Include="local_addons\ofxBox2d\libs\Box2D\Dynamics">
			<UniqueIdentifier>{3C7957C0-24A3-60F0-F0C7-BDBF}</UniqueIdentifier>
		</Filter>
		<Filter Include="local_addons\ofxBox2d\libs\Box2D\Dynamics\Contacts">
			<UniqueIdentifier>{6BD99258-6381-264D-66C3-A9B2}</UniqueIdentifier>
		</Filter>
		<Filter Include="local_addons\ofxBox2d\libs\Box2D\Dynamics\Joints">
			<UniqueIdentifier>{1E8A1DD6-EC8A-640C-211E-E53B}</UniqueIdentifier>
		</Filter>
		<Filter Include="local_addons\ofxBox2d\libs\Box2D\Rope">
			<UniqueIdentifier>{215845D5-2CE5-A05A-6C3A-593B}</UniqueIdentifier>
		</Filter>
		<Filter Include="local_addons\ofxBox2d\libs\triangle">
			<UniqueIdentifier>{DEECFD8B-14B2-17DC-B6F6-D173}</UniqueIdentifier>
		</Filter>
		<Filter Include="local_addons\ofxInkSim">
			<UniqueIdentifier>{1E5D1503-F54B-A13A-3E9D-F77E}</UniqueIdentifier>
		</Filter>
		<Filter Include="local_addons\ofxInkSim\src">
			<UniqueIdentifier>{A21CA68D-26C7-B9D4-B2B4-C0E7}</UniqueIdentifier>
		</Filter>
		<Filter Include="local_addons\ofxInkSim\src\brush">
			<UniqueIdentifier>{948BABAE-B5B6-8F8B-F760-DCCC}</UniqueIdentifier>
		</Filter>
		<Filter Include="local_addons\ofxInkSim\src\shader">
			<UniqueIdentifier>{7E0948D7-ED3D-37C5-044B-E528}</UniqueIdentifier>
		</Filter>
		<Filter Include="local_addons\ofxPuppet">
			<UniqueIdentifier>{49121064-DF21-827D-E148-EA0D}</UniqueIdentifier>
		</Filter>
		<Filter Include="local_addons\ofxPuppet\src">
			<UniqueIdentifier>{A7B9AC50-FDC3-FF6B-DDC8-6997}</UniqueIdentifier>
		</Filter>
		<Filter Include="local_addons\ofxPuppet\libs">
			<UniqueIdentifier>{1CABD087-25B3-7B8F-6FDF-253D}</UniqueIdentifier>
		</Filter>
		<Filter Include="local_addons\ofxPuppet\libs\rigidAsPossibleMesh">
			<UniqueIdentifier>{8160DD05-DFF6-F644-0357-27C5}</UniqueIdentifier>
		</Filter>
		<Filter Include="local_addons\ofxPuppet\libs\rigidAsPossibleMesh\src">
			<UniqueIdentifier>{F4966787-7B36-6F40-7DBD-5174}</UniqueIdentifier>
		</Filter>
		<Filter Include="local_addons\ofxPuppet\libs\wml">
			<UniqueIdentifier>{50696694-091A-E16B-19F1-0957}</UniqueIdentifier>
		</Filter>
		<Filter Include="local_addons\ofxPuppet\libs\wml\src">
			<UniqueIdentifier>{DDD2426F-193B-CD92-450D-B179}</UniqueIdentifier>
		</Filter>
		<Filter Include="local_addons\ofxTriangleMesh">
			<UniqueIdentifier>{7D746C54-BE51-F07D-EB15-811B}</UniqueIdentifier>
		</Filter>
		<Filter Include="local_addons\ofxTriangleMesh\src">
			<UniqueIdentifier>{F11D03C7-1A26-9CC6-3B6A-B4CE}</UniqueIdentifier>
		</Filter>
		<Filter Include="local_addons\ofxTriangleMesh\libs">
			<UniqueIdentifier>{A9C75775-88DC-E66C-2E46-5069}</UniqueIdentifier>
		</Filter>
		<Filter Include="local_addons\ofxTriangleMesh\libs\Triangle">
			<UniqueIdentifier>{D5E90A34-5C65-AF18-4130-2BA8}</UniqueIdentifier>
		</Filter>
	</ItemGroup>
	<ItemGroup>
		<ClInclude Include="src\ofApp.h">
			<Filter>src</Filter>
		</ClInclude>
		<ClInclude Include="src\Anim\Ink\Ink.hpp">
			<Filter>src\Anim\Ink</Filter>
		</ClInclude>
		<ClInclude Include="src\Body\Body.hpp">
			<Filter>src\Body</Filter>
		</ClInclude>
		<ClInclude Include="src\Body\BodyBase.hpp">
			<Filter>src\Body</Filter>
		</ClInclude>
		<ClInclude Include="src\Body\BodyState.hpp">
			<Filter>src\Body</Filter>
		</ClInclude>
		<ClInclude Include="src\Body\DrawingHand.hpp">
			<Filter>src\Body</Filter>
		</ClInclude>
		<ClInclude Include="src\Body\FetchingHand.hpp">
			<Filter>src\Body</Filter>
		</ClInclude>
		<ClInclude Include="src\Body\Mouth.hpp">
			<Filter>src\Body</Filter>
		</ClInclude>
		<ClInclude Include="src\Body\PuttingHand.hpp">
			<Filter>src\Body</Filter>
		</ClInclude>
		<ClInclude Include="src\Body\SwipingHand.hpp">
			<Filter>src\Body</Filter>
		</ClInclude>
		<ClInclude Include="src\Content.hpp">
			<Filter>src</Filter>
		</ClInclude>
		<ClInclude Include="src\CutoutAnim\CutoutAnim.hpp">
			<Filter>src\CutoutAnim</Filter>
		</ClInclude>
		<ClInclude Include="src\CutoutAnim\Flyer\FishLike.hpp">
			<Filter>src\CutoutAnim\Flyer</Filter>
		</ClInclude>
		<ClInclude Include="src\CutoutAnim\Flyer\Flyer.hpp">
			<Filter>src\CutoutAnim\Flyer</Filter>
		</ClInclude>
		<ClInclude Include="src\CutoutAnim\Flyer\FlyerBase.hpp">
			<Filter>src\CutoutAnim\Flyer</Filter>
		</ClInclude>
		<ClInclude Include="src\CutoutAnim\Flyer\StraightThing.hpp">
			<Filter>src\CutoutAnim\Flyer</Filter>
		</ClInclude>
		<ClInclude Include="src\CutoutAnim\Flyer\Wavy.hpp">
			<Filter>src\CutoutAnim\Flyer</Filter>
		</ClInclude>
		<ClInclude Include="src\CutoutAnim\Knife\Knife.hpp">
			<Filter>src\CutoutAnim\Knife</Filter>
		</ClInclude>
		<ClInclude Include="src\CutoutAnim\Knife\KnifeTexture.hpp">
			<Filter>src\CutoutAnim\Knife</Filter>
		</ClInclude>
		<ClInclude Include="src\CutoutAnim\Knife\Knives.hpp">
			<Filter>src\CutoutAnim\Knife</Filter>
		</ClInclude>
		<ClInclude Include="src\CutoutAnim\Kyo\Kyo.hpp">
			<Filter>src\CutoutAnim\Kyo</Filter>
		</ClInclude>
		<ClInclude Include="src\CutoutAnim\Kyo\KyoTexture.hpp">
			<Filter>src\CutoutAnim\Kyo</Filter>
		</ClInclude>
		<ClInclude Include="src\CutoutAnim\Portrait\Portrait.hpp">
			<Filter>src\CutoutAnim\Portrait</Filter>
		</ClInclude>
		<ClInclude Include="src\CutoutAnim\Portrait\Portraits.hpp">
			<Filter>src\CutoutAnim\Portrait</Filter>
		</ClInclude>
		<ClInclude Include="src\CutoutAnim\Portrait\PortraitTexture.hpp">
			<Filter>src\CutoutAnim\Portrait</Filter>
		</ClInclude>
		<ClInclude Include="src\Drawing\Drawer.hpp">
			<Filter>src\Drawing</Filter>
		</ClInclude>
		<ClInclude Include="src\Drawing\Painting.hpp">
			<Filter>src\Drawing</Filter>
		</ClInclude>
		<ClInclude Include="src\Drawing\Puppet.hpp">
			<Filter>src\Drawing</Filter>
		</ClInclude>
		<ClInclude Include="src\Drawing\PuppetInstance.hpp">
			<Filter>src\Drawing</Filter>
		</ClInclude>
		<ClInclude Include="src\GUI.hpp">
			<Filter>src</Filter>
		</ClInclude>
		<ClInclude Include="src\Kinect\Kinect.hpp">
			<Filter>src\Kinect</Filter>
		</ClInclude>
		<ClInclude Include="src\ofApp.h">
			<Filter>src</Filter>
		</ClInclude>
		<ClInclude Include="src\Projector\Projector.hpp">
			<Filter>src\Projector</Filter>
		</ClInclude>
		<ClInclude Include="src\Projector\ProjectorWarper.hpp">
			<Filter>src\Projector</Filter>
		</ClInclude>
		<ClInclude Include="src\Utils\Constants.h">
			<Filter>src\Utils</Filter>
		</ClInclude>
		<ClInclude Include="src\Utils\EventTimer.hpp">
			<Filter>src\Utils</Filter>
		</ClInclude>
		<ClInclude Include="src\Utils\Globals.hpp">
			<Filter>src\Utils</Filter>
		</ClInclude>
		<ClInclude Include="src\Utils\ThreadedContourFinder.hpp">
			<Filter>src\Utils</Filter>
		</ClInclude>
		<ClInclude Include="src\Utils\Util.h">
			<Filter>src\Utils</Filter>
		</ClInclude>
		<ClInclude Include="src\Utils\Warper.hpp">
			<Filter>src\Utils</Filter>
		</ClInclude>
		<ClInclude Include="src\WorkFlow.hpp">
			<Filter>src</Filter>
		</ClInclude>
		<ClInclude Include="..\..\..\addons\ofxGui\src\ofxBaseGui.h">
			<Filter>addons\ofxGui\src</Filter>
		</ClInclude>
		<ClInclude Include="..\..\..\addons\ofxGui\src\ofxButton.h">
			<Filter>addons\ofxGui\src</Filter>
		</ClInclude>
		<ClInclude Include="..\..\..\addons\ofxGui\src\ofxGui.h">
			<Filter>addons\ofxGui\src</Filter>
		</ClInclude>
		<ClInclude Include="..\..\..\addons\ofxGui\src\ofxGuiGroup.h">
			<Filter>addons\ofxGui\src</Filter>
		</ClInclude>
		<ClInclude Include="..\..\..\addons\ofxGui\src\ofxLabel.h">
			<Filter>addons\ofxGui\src</Filter>
		</ClInclude>
		<ClInclude Include="..\..\..\addons\ofxGui\src\ofxPanel.h">
			<Filter>addons\ofxGui\src</Filter>
		</ClInclude>
		<ClInclude Include="..\..\..\addons\ofxGui\src\ofxSlider.h">
			<Filter>addons\ofxGui\src</Filter>
		</ClInclude>
		<ClInclude Include="..\..\..\addons\ofxGui\src\ofxSliderGroup.h">
			<Filter>addons\ofxGui\src</Filter>
		</ClInclude>
		<ClInclude Include="..\..\..\addons\ofxGui\src\ofxToggle.h">
			<Filter>addons\ofxGui\src</Filter>
		</ClInclude>
		<ClInclude Include="..\..\..\addons\ofxKinect\src\extra\ofxKinectExtras.h">
			<Filter>addons\ofxKinect\src\extra</Filter>
		</ClInclude>
		<ClInclude Include="..\..\..\addons\ofxKinect\src\ofxBase3DVideo.h">
			<Filter>addons\ofxKinect\src</Filter>
		</ClInclude>
		<ClInclude Include="..\..\..\addons\ofxKinect\src\ofxKinect.h">
			<Filter>addons\ofxKinect\src</Filter>
		</ClInclude>
		<ClInclude Include="..\..\..\addons\ofxKinect\libs\libfreenect\include\libfreenect.h">
			<Filter>addons\ofxKinect\libs\libfreenect\include</Filter>
		</ClInclude>
		<ClInclude Include="..\..\..\addons\ofxKinect\libs\libfreenect\include\libfreenect_audio.h">
			<Filter>addons\ofxKinect\libs\libfreenect\include</Filter>
		</ClInclude>
		<ClInclude Include="..\..\..\addons\ofxKinect\libs\libfreenect\include\libfreenect_registration.h">
			<Filter>addons\ofxKinect\libs\libfreenect\include</Filter>
		</ClInclude>
		<ClInclude Include="..\..\..\addons\ofxKinect\libs\libfreenect\platform\windows\libusb10emu\libusb-1.0\failguard.h">
			<Filter>addons\ofxKinect\libs\libfreenect\platform\windows\libusb10emu\libusb-1.0</Filter>
		</ClInclude>
		<ClInclude Include="..\..\..\addons\ofxKinect\libs\libfreenect\platform\windows\libusb10emu\libusb-1.0\libusb.h">
			<Filter>addons\ofxKinect\libs\libfreenect\platform\windows\libusb10emu\libusb-1.0</Filter>
		</ClInclude>
		<ClInclude Include="..\..\..\addons\ofxKinect\libs\libfreenect\platform\windows\libusb10emu\libusb-1.0\libusbemu_internal.h">
			<Filter>addons\ofxKinect\libs\libfreenect\platform\windows\libusb10emu\libusb-1.0</Filter>
		</ClInclude>
		<ClInclude Include="..\..\..\addons\ofxKinect\libs\libfreenect\platform\windows\libusb10emu\libusb-1.0\libusbemu_threads.h">
			<Filter>addons\ofxKinect\libs\libfreenect\platform\windows\libusb10emu\libusb-1.0</Filter>
		</ClInclude>
		<ClInclude Include="..\..\..\addons\ofxKinect\libs\libfreenect\platform\windows\libusb10emu\libusb-1.0\libusbemu_threads_win32.h">
			<Filter>addons\ofxKinect\libs\libfreenect\platform\windows\libusb10emu\libusb-1.0</Filter>
		</ClInclude>
		<ClInclude Include="..\..\..\addons\ofxKinect\libs\libfreenect\platform\windows\stdbool.h">
			<Filter>addons\ofxKinect\libs\libfreenect\platform\windows</Filter>
		</ClInclude>
		<ClInclude Include="..\..\..\addons\ofxKinect\libs\libfreenect\platform\windows\unistd.h">
			<Filter>addons\ofxKinect\libs\libfreenect\platform\windows</Filter>
		</ClInclude>
		<ClInclude Include="..\..\..\addons\ofxKinect\libs\libfreenect\src\cameras.h">
			<Filter>addons\ofxKinect\libs\libfreenect\src</Filter>
		</ClInclude>
		<ClInclude Include="..\..\..\addons\ofxKinect\libs\libfreenect\src\flags.h">
			<Filter>addons\ofxKinect\libs\libfreenect\src</Filter>
		</ClInclude>
		<ClInclude Include="..\..\..\addons\ofxKinect\libs\libfreenect\src\freenect_internal.h">
			<Filter>addons\ofxKinect\libs\libfreenect\src</Filter>
		</ClInclude>
		<ClInclude Include="..\..\..\addons\ofxKinect\libs\libfreenect\src\keep_alive.h">
			<Filter>addons\ofxKinect\libs\libfreenect\src</Filter>
		</ClInclude>
		<ClInclude Include="..\..\..\addons\ofxKinect\libs\libfreenect\src\loader.h">
			<Filter>addons\ofxKinect\libs\libfreenect\src</Filter>
		</ClInclude>
		<ClInclude Include="..\..\..\addons\ofxKinect\libs\libfreenect\src\registration.h">
			<Filter>addons\ofxKinect\libs\libfreenect\src</Filter>
		</ClInclude>
		<ClInclude Include="..\..\..\addons\ofxKinect\libs\libfreenect\src\usb_libusb10.h">
			<Filter>addons\ofxKinect\libs\libfreenect\src</Filter>
		</ClInclude>
		<ClInclude Include="..\..\..\addons\ofxKinect\libs\libusb-1.0\include\libusb-1.0\libusb.h">
			<Filter>addons\ofxKinect\libs\libusb-1.0\include\libusb-1.0</Filter>
		</ClInclude>
		<ClInclude Include="..\..\..\addons\ofxKinect\libs\libusb-win32\include\lusb0_usb.h">
			<Filter>addons\ofxKinect\libs\libusb-win32\include</Filter>
		</ClInclude>
		<ClInclude Include="..\..\..\addons\ofxOpenCv\src\ofxCvBlob.h">
			<Filter>addons\ofxOpenCv\src</Filter>
		</ClInclude>
		<ClInclude Include="..\..\..\addons\ofxOpenCv\src\ofxCvColorImage.h">
			<Filter>addons\ofxOpenCv\src</Filter>
		</ClInclude>
		<ClInclude Include="..\..\..\addons\ofxOpenCv\src\ofxCvConstants.h">
			<Filter>addons\ofxOpenCv\src</Filter>
		</ClInclude>
		<ClInclude Include="..\..\..\addons\ofxOpenCv\src\ofxCvContourFinder.h">
			<Filter>addons\ofxOpenCv\src</Filter>
		</ClInclude>
		<ClInclude Include="..\..\..\addons\ofxOpenCv\src\ofxCvFloatImage.h">
			<Filter>addons\ofxOpenCv\src</Filter>
		</ClInclude>
		<ClInclude Include="..\..\..\addons\ofxOpenCv\src\ofxCvGrayscaleImage.h">
			<Filter>addons\ofxOpenCv\src</Filter>
		</ClInclude>
		<ClInclude Include="..\..\..\addons\ofxOpenCv\src\ofxCvHaarFinder.h">
			<Filter>addons\ofxOpenCv\src</Filter>
		</ClInclude>
		<ClInclude Include="..\..\..\addons\ofxOpenCv\src\ofxCvImage.h">
			<Filter>addons\ofxOpenCv\src</Filter>
		</ClInclude>
		<ClInclude Include="..\..\..\addons\ofxOpenCv\src\ofxCvShortImage.h">
			<Filter>addons\ofxOpenCv\src</Filter>
		</ClInclude>
		<ClInclude Include="..\..\..\addons\ofxOpenCv\src\ofxOpenCv.h">
			<Filter>addons\ofxOpenCv\src</Filter>
		</ClInclude>
		<ClInclude Include="..\..\..\addons\ofxOpenCv\libs\opencv\include\opencv\cv.h">
			<Filter>addons\ofxOpenCv\libs\opencv\include\opencv</Filter>
		</ClInclude>
		<ClInclude Include="..\..\..\addons\ofxOpenCv\libs\opencv\include\opencv\cv.hpp">
			<Filter>addons\ofxOpenCv\libs\opencv\include\opencv</Filter>
		</ClInclude>
		<ClInclude Include="..\..\..\addons\ofxOpenCv\libs\opencv\include\opencv\cvaux.h">
			<Filter>addons\ofxOpenCv\libs\opencv\include\opencv</Filter>
		</ClInclude>
		<ClInclude Include="..\..\..\addons\ofxOpenCv\libs\opencv\include\opencv\cvaux.hpp">
			<Filter>addons\ofxOpenCv\libs\opencv\include\opencv</Filter>
		</ClInclude>
		<ClInclude Include="..\..\..\addons\ofxOpenCv\libs\opencv\include\opencv\cvwimage.h">
			<Filter>addons\ofxOpenCv\libs\opencv\include\opencv</Filter>
		</ClInclude>
		<ClInclude Include="..\..\..\addons\ofxOpenCv\libs\opencv\include\opencv\cxcore.h">
			<Filter>addons\ofxOpenCv\libs\opencv\include\opencv</Filter>
		</ClInclude>
		<ClInclude Include="..\..\..\addons\ofxOpenCv\libs\opencv\include\opencv\cxcore.hpp">
			<Filter>addons\ofxOpenCv\libs\opencv\include\opencv</Filter>
		</ClInclude>
		<ClInclude Include="..\..\..\addons\ofxOpenCv\libs\opencv\include\opencv\cxeigen.hpp">
			<Filter>addons\ofxOpenCv\libs\opencv\include\opencv</Filter>
		</ClInclude>
		<ClInclude Include="..\..\..\addons\ofxOpenCv\libs\opencv\include\opencv\cxmisc.h">
			<Filter>addons\ofxOpenCv\libs\opencv\include\opencv</Filter>
		</ClInclude>
		<ClInclude Include="..\..\..\addons\ofxOpenCv\libs\opencv\include\opencv\highgui.h">
			<Filter>addons\ofxOpenCv\libs\opencv\include\opencv</Filter>
		</ClInclude>
		<ClInclude Include="..\..\..\addons\ofxOpenCv\libs\opencv\include\opencv\ml.h">
			<Filter>addons\ofxOpenCv\libs\opencv\include\opencv</Filter>
		</ClInclude>
		<ClInclude Include="..\..\..\addons\ofxOpenCv\libs\opencv\include\opencv2\calib3d\calib3d.hpp">
			<Filter>addons\ofxOpenCv\libs\opencv\include\opencv2\calib3d</Filter>
		</ClInclude>
		<ClInclude Include="..\..\..\addons\ofxOpenCv\libs\opencv\include\opencv2\contrib\contrib.hpp">
			<Filter>addons\ofxOpenCv\libs\opencv\include\opencv2\contrib</Filter>
		</ClInclude>
		<ClInclude Include="..\..\..\addons\ofxOpenCv\libs\opencv\include\opencv2\contrib\detection_based_tracker.hpp">
			<Filter>addons\ofxOpenCv\libs\opencv\include\opencv2\contrib</Filter>
		</ClInclude>
		<ClInclude Include="..\..\..\addons\ofxOpenCv\libs\opencv\include\opencv2\contrib\hybridtracker.hpp">
			<Filter>addons\ofxOpenCv\libs\opencv\include\opencv2\contrib</Filter>
		</ClInclude>
		<ClInclude Include="..\..\..\addons\ofxOpenCv\libs\opencv\include\opencv2\contrib\openfabmap.hpp">
			<Filter>addons\ofxOpenCv\libs\opencv\include\opencv2\contrib</Filter>
		</ClInclude>
		<ClInclude Include="..\..\..\addons\ofxOpenCv\libs\opencv\include\opencv2\contrib\retina.hpp">
			<Filter>addons\ofxOpenCv\libs\opencv\include\opencv2\contrib</Filter>
		</ClInclude>
		<ClInclude Include="..\..\..\addons\ofxOpenCv\libs\opencv\include\opencv2\core\affine.hpp">
			<Filter>addons\ofxOpenCv\libs\opencv\include\opencv2\core</Filter>
		</ClInclude>
		<ClInclude Include="..\..\..\addons\ofxOpenCv\libs\opencv\include\opencv2\core\core.hpp">
			<Filter>addons\ofxOpenCv\libs\opencv\include\opencv2\core</Filter>
		</ClInclude>
		<ClInclude Include="..\..\..\addons\ofxOpenCv\libs\opencv\include\opencv2\core\core_c.h">
			<Filter>addons\ofxOpenCv\libs\opencv\include\opencv2\core</Filter>
		</ClInclude>
		<ClInclude Include="..\..\..\addons\ofxOpenCv\libs\opencv\include\opencv2\core\cuda_devptrs.hpp">
			<Filter>addons\ofxOpenCv\libs\opencv\include\opencv2\core</Filter>
		</ClInclude>
		<ClInclude Include="..\..\..\addons\ofxOpenCv\libs\opencv\include\opencv2\core\devmem2d.hpp">
			<Filter>addons\ofxOpenCv\libs\opencv\include\opencv2\core</Filter>
		</ClInclude>
		<ClInclude Include="..\..\..\addons\ofxOpenCv\libs\opencv\include\opencv2\core\eigen.hpp">
			<Filter>addons\ofxOpenCv\libs\opencv\include\opencv2\core</Filter>
		</ClInclude>
		<ClInclude Include="..\..\..\addons\ofxOpenCv\libs\opencv\include\opencv2\core\gpumat.hpp">
			<Filter>addons\ofxOpenCv\libs\opencv\include\opencv2\core</Filter>
		</ClInclude>
		<ClInclude Include="..\..\..\addons\ofxOpenCv\libs\opencv\include\opencv2\core\internal.hpp">
			<Filter>addons\ofxOpenCv\libs\opencv\include\opencv2\core</Filter>
		</ClInclude>
		<ClInclude Include="..\..\..\addons\ofxOpenCv\libs\opencv\include\opencv2\core\mat.hpp">
			<Filter>addons\ofxOpenCv\libs\opencv\include\opencv2\core</Filter>
		</ClInclude>
		<ClInclude Include="..\..\..\addons\ofxOpenCv\libs\opencv\include\opencv2\core\opengl_interop.hpp">
			<Filter>addons\ofxOpenCv\libs\opencv\include\opencv2\core</Filter>
		</ClInclude>
		<ClInclude Include="..\..\..\addons\ofxOpenCv\libs\opencv\include\opencv2\core\opengl_interop_deprecated.hpp">
			<Filter>addons\ofxOpenCv\libs\opencv\include\opencv2\core</Filter>
		</ClInclude>
		<ClInclude Include="..\..\..\addons\ofxOpenCv\libs\opencv\include\opencv2\core\operations.hpp">
			<Filter>addons\ofxOpenCv\libs\opencv\include\opencv2\core</Filter>
		</ClInclude>
		<ClInclude Include="..\..\..\addons\ofxOpenCv\libs\opencv\include\opencv2\core\types_c.h">
			<Filter>addons\ofxOpenCv\libs\opencv\include\opencv2\core</Filter>
		</ClInclude>
		<ClInclude Include="..\..\..\addons\ofxOpenCv\libs\opencv\include\opencv2\core\version.hpp">
			<Filter>addons\ofxOpenCv\libs\opencv\include\opencv2\core</Filter>
		</ClInclude>
		<ClInclude Include="..\..\..\addons\ofxOpenCv\libs\opencv\include\opencv2\core\wimage.hpp">
			<Filter>addons\ofxOpenCv\libs\opencv\include\opencv2\core</Filter>
		</ClInclude>
		<ClInclude Include="..\..\..\addons\ofxOpenCv\libs\opencv\include\opencv2\features2d\features2d.hpp">
			<Filter>addons\ofxOpenCv\libs\opencv\include\opencv2\features2d</Filter>
		</ClInclude>
		<ClInclude Include="..\..\..\addons\ofxOpenCv\libs\opencv\include\opencv2\flann\allocator.h">
			<Filter>addons\ofxOpenCv\libs\opencv\include\opencv2\flann</Filter>
		</ClInclude>
		<ClInclude Include="..\..\..\addons\ofxOpenCv\libs\opencv\include\opencv2\flann\all_indices.h">
			<Filter>addons\ofxOpenCv\libs\opencv\include\opencv2\flann</Filter>
		</ClInclude>
		<ClInclude Include="..\..\..\addons\ofxOpenCv\libs\opencv\include\opencv2\flann\any.h">
			<Filter>addons\ofxOpenCv\libs\opencv\include\opencv2\flann</Filter>
		</ClInclude>
		<ClInclude Include="..\..\..\addons\ofxOpenCv\libs\opencv\include\opencv2\flann\autotuned_index.h">
			<Filter>addons\ofxOpenCv\libs\opencv\include\opencv2\flann</Filter>
		</ClInclude>
		<ClInclude Include="..\..\..\addons\ofxOpenCv\libs\opencv\include\opencv2\flann\composite_index.h">
			<Filter>addons\ofxOpenCv\libs\opencv\include\opencv2\flann</Filter>
		</ClInclude>
		<ClInclude Include="..\..\..\addons\ofxOpenCv\libs\opencv\include\opencv2\flann\config.h">
			<Filter>addons\ofxOpenCv\libs\opencv\include\opencv2\flann</Filter>
		</ClInclude>
		<ClInclude Include="..\..\..\addons\ofxOpenCv\libs\opencv\include\opencv2\flann\defines.h">
			<Filter>addons\ofxOpenCv\libs\opencv\include\opencv2\flann</Filter>
		</ClInclude>
		<ClInclude Include="..\..\..\addons\ofxOpenCv\libs\opencv\include\opencv2\flann\dist.h">
			<Filter>addons\ofxOpenCv\libs\opencv\include\opencv2\flann</Filter>
		</ClInclude>
		<ClInclude Include="..\..\..\addons\ofxOpenCv\libs\opencv\include\opencv2\flann\dummy.h">
			<Filter>addons\ofxOpenCv\libs\opencv\include\opencv2\flann</Filter>
		</ClInclude>
		<ClInclude Include="..\..\..\addons\ofxOpenCv\libs\opencv\include\opencv2\flann\dynamic_bitset.h">
			<Filter>addons\ofxOpenCv\libs\opencv\include\opencv2\flann</Filter>
		</ClInclude>
		<ClInclude Include="..\..\..\addons\ofxOpenCv\libs\opencv\include\opencv2\flann\flann.hpp">
			<Filter>addons\ofxOpenCv\libs\opencv\include\opencv2\flann</Filter>
		</ClInclude>
		<ClInclude Include="..\..\..\addons\ofxOpenCv\libs\opencv\include\opencv2\flann\flann_base.hpp">
			<Filter>addons\ofxOpenCv\libs\opencv\include\opencv2\flann</Filter>
		</ClInclude>
		<ClInclude Include="..\..\..\addons\ofxOpenCv\libs\opencv\include\opencv2\flann\general.h">
			<Filter>addons\ofxOpenCv\libs\opencv\include\opencv2\flann</Filter>
		</ClInclude>
		<ClInclude Include="..\..\..\addons\ofxOpenCv\libs\opencv\include\opencv2\flann\ground_truth.h">
			<Filter>addons\ofxOpenCv\libs\opencv\include\opencv2\flann</Filter>
		</ClInclude>
		<ClInclude Include="..\..\..\addons\ofxOpenCv\libs\opencv\include\opencv2\flann\hdf5.h">
			<Filter>addons\ofxOpenCv\libs\opencv\include\opencv2\flann</Filter>
		</ClInclude>
		<ClInclude Include="..\..\..\addons\ofxOpenCv\libs\opencv\include\opencv2\flann\heap.h">
			<Filter>addons\ofxOpenCv\libs\opencv\include\opencv2\flann</Filter>
		</ClInclude>
		<ClInclude Include="..\..\..\addons\ofxOpenCv\libs\opencv\include\opencv2\flann\hierarchical_clustering_index.h">
			<Filter>addons\ofxOpenCv\libs\opencv\include\opencv2\flann</Filter>
		</ClInclude>
		<ClInclude Include="..\..\..\addons\ofxOpenCv\libs\opencv\include\opencv2\flann\index_testing.h">
			<Filter>addons\ofxOpenCv\libs\opencv\include\opencv2\flann</Filter>
		</ClInclude>
		<ClInclude Include="..\..\..\addons\ofxOpenCv\libs\opencv\include\opencv2\flann\kdtree_index.h">
			<Filter>addons\ofxOpenCv\libs\opencv\include\opencv2\flann</Filter>
		</ClInclude>
		<ClInclude Include="..\..\..\addons\ofxOpenCv\libs\opencv\include\opencv2\flann\kdtree_single_index.h">
			<Filter>addons\ofxOpenCv\libs\opencv\include\opencv2\flann</Filter>
		</ClInclude>
		<ClInclude Include="..\..\..\addons\ofxOpenCv\libs\opencv\include\opencv2\flann\kmeans_index.h">
			<Filter>addons\ofxOpenCv\libs\opencv\include\opencv2\flann</Filter>
		</ClInclude>
		<ClInclude Include="..\..\..\addons\ofxOpenCv\libs\opencv\include\opencv2\flann\linear_index.h">
			<Filter>addons\ofxOpenCv\libs\opencv\include\opencv2\flann</Filter>
		</ClInclude>
		<ClInclude Include="..\..\..\addons\ofxOpenCv\libs\opencv\include\opencv2\flann\logger.h">
			<Filter>addons\ofxOpenCv\libs\opencv\include\opencv2\flann</Filter>
		</ClInclude>
		<ClInclude Include="..\..\..\addons\ofxOpenCv\libs\opencv\include\opencv2\flann\lsh_index.h">
			<Filter>addons\ofxOpenCv\libs\opencv\include\opencv2\flann</Filter>
		</ClInclude>
		<ClInclude Include="..\..\..\addons\ofxOpenCv\libs\opencv\include\opencv2\flann\lsh_table.h">
			<Filter>addons\ofxOpenCv\libs\opencv\include\opencv2\flann</Filter>
		</ClInclude>
		<ClInclude Include="..\..\..\addons\ofxOpenCv\libs\opencv\include\opencv2\flann\matrix.h">
			<Filter>addons\ofxOpenCv\libs\opencv\include\opencv2\flann</Filter>
		</ClInclude>
		<ClInclude Include="..\..\..\addons\ofxOpenCv\libs\opencv\include\opencv2\flann\miniflann.hpp">
			<Filter>addons\ofxOpenCv\libs\opencv\include\opencv2\flann</Filter>
		</ClInclude>
		<ClInclude Include="..\..\..\addons\ofxOpenCv\libs\opencv\include\opencv2\flann\nn_index.h">
			<Filter>addons\ofxOpenCv\libs\opencv\include\opencv2\flann</Filter>
		</ClInclude>
		<ClInclude Include="..\..\..\addons\ofxOpenCv\libs\opencv\include\opencv2\flann\object_factory.h">
			<Filter>addons\ofxOpenCv\libs\opencv\include\opencv2\flann</Filter>
		</ClInclude>
		<ClInclude Include="..\..\..\addons\ofxOpenCv\libs\opencv\include\opencv2\flann\params.h">
			<Filter>addons\ofxOpenCv\libs\opencv\include\opencv2\flann</Filter>
		</ClInclude>
		<ClInclude Include="..\..\..\addons\ofxOpenCv\libs\opencv\include\opencv2\flann\random.h">
			<Filter>addons\ofxOpenCv\libs\opencv\include\opencv2\flann</Filter>
		</ClInclude>
		<ClInclude Include="..\..\..\addons\ofxOpenCv\libs\opencv\include\opencv2\flann\result_set.h">
			<Filter>addons\ofxOpenCv\libs\opencv\include\opencv2\flann</Filter>
		</ClInclude>
		<ClInclude Include="..\..\..\addons\ofxOpenCv\libs\opencv\include\opencv2\flann\sampling.h">
			<Filter>addons\ofxOpenCv\libs\opencv\include\opencv2\flann</Filter>
		</ClInclude>
		<ClInclude Include="..\..\..\addons\ofxOpenCv\libs\opencv\include\opencv2\flann\saving.h">
			<Filter>addons\ofxOpenCv\libs\opencv\include\opencv2\flann</Filter>
		</ClInclude>
		<ClInclude Include="..\..\..\addons\ofxOpenCv\libs\opencv\include\opencv2\flann\simplex_downhill.h">
			<Filter>addons\ofxOpenCv\libs\opencv\include\opencv2\flann</Filter>
		</ClInclude>
		<ClInclude Include="..\..\..\addons\ofxOpenCv\libs\opencv\include\opencv2\flann\timer.h">
			<Filter>addons\ofxOpenCv\libs\opencv\include\opencv2\flann</Filter>
		</ClInclude>
		<ClInclude Include="..\..\..\addons\ofxOpenCv\libs\opencv\include\opencv2\gpu\device\block.hpp">
			<Filter>addons\ofxOpenCv\libs\opencv\include\opencv2\gpu\device</Filter>
		</ClInclude>
		<ClInclude Include="..\..\..\addons\ofxOpenCv\libs\opencv\include\opencv2\gpu\device\border_interpolate.hpp">
			<Filter>addons\ofxOpenCv\libs\opencv\include\opencv2\gpu\device</Filter>
		</ClInclude>
		<ClInclude Include="..\..\..\addons\ofxOpenCv\libs\opencv\include\opencv2\gpu\device\color.hpp">
			<Filter>addons\ofxOpenCv\libs\opencv\include\opencv2\gpu\device</Filter>
		</ClInclude>
		<ClInclude Include="..\..\..\addons\ofxOpenCv\libs\opencv\include\opencv2\gpu\device\common.hpp">
			<Filter>addons\ofxOpenCv\libs\opencv\include\opencv2\gpu\device</Filter>
		</ClInclude>
		<ClInclude Include="..\..\..\addons\ofxOpenCv\libs\opencv\include\opencv2\gpu\device\datamov_utils.hpp">
			<Filter>addons\ofxOpenCv\libs\opencv\include\opencv2\gpu\device</Filter>
		</ClInclude>
		<ClInclude Include="..\..\..\addons\ofxOpenCv\libs\opencv\include\opencv2\gpu\device\detail\color_detail.hpp">
			<Filter>addons\ofxOpenCv\libs\opencv\include\opencv2\gpu\device\detail</Filter>
		</ClInclude>
		<ClInclude Include="..\..\..\addons\ofxOpenCv\libs\opencv\include\opencv2\gpu\device\detail\reduce.hpp">
			<Filter>addons\ofxOpenCv\libs\opencv\include\opencv2\gpu\device\detail</Filter>
		</ClInclude>
		<ClInclude Include="..\..\..\addons\ofxOpenCv\libs\opencv\include\opencv2\gpu\device\detail\reduce_key_val.hpp">
			<Filter>addons\ofxOpenCv\libs\opencv\include\opencv2\gpu\device\detail</Filter>
		</ClInclude>
		<ClInclude Include="..\..\..\addons\ofxOpenCv\libs\opencv\include\opencv2\gpu\device\detail\transform_detail.hpp">
			<Filter>addons\ofxOpenCv\libs\opencv\include\opencv2\gpu\device\detail</Filter>
		</ClInclude>
		<ClInclude Include="..\..\..\addons\ofxOpenCv\libs\opencv\include\opencv2\gpu\device\detail\type_traits_detail.hpp">
			<Filter>addons\ofxOpenCv\libs\opencv\include\opencv2\gpu\device\detail</Filter>
		</ClInclude>
		<ClInclude Include="..\..\..\addons\ofxOpenCv\libs\opencv\include\opencv2\gpu\device\detail\vec_distance_detail.hpp">
			<Filter>addons\ofxOpenCv\libs\opencv\include\opencv2\gpu\device\detail</Filter>
		</ClInclude>
		<ClInclude Include="..\..\..\addons\ofxOpenCv\libs\opencv\include\opencv2\gpu\device\dynamic_smem.hpp">
			<Filter>addons\ofxOpenCv\libs\opencv\include\opencv2\gpu\device</Filter>
		</ClInclude>
		<ClInclude Include="..\..\..\addons\ofxOpenCv\libs\opencv\include\opencv2\gpu\device\emulation.hpp">
			<Filter>addons\ofxOpenCv\libs\opencv\include\opencv2\gpu\device</Filter>
		</ClInclude>
		<ClInclude Include="..\..\..\addons\ofxOpenCv\libs\opencv\include\opencv2\gpu\device\filters.hpp">
			<Filter>addons\ofxOpenCv\libs\opencv\include\opencv2\gpu\device</Filter>
		</ClInclude>
		<ClInclude Include="..\..\..\addons\ofxOpenCv\libs\opencv\include\opencv2\gpu\device\funcattrib.hpp">
			<Filter>addons\ofxOpenCv\libs\opencv\include\opencv2\gpu\device</Filter>
		</ClInclude>
		<ClInclude Include="..\..\..\addons\ofxOpenCv\libs\opencv\include\opencv2\gpu\device\functional.hpp">
			<Filter>addons\ofxOpenCv\libs\opencv\include\opencv2\gpu\device</Filter>
		</ClInclude>
		<ClInclude Include="..\..\..\addons\ofxOpenCv\libs\opencv\include\opencv2\gpu\device\limits.hpp">
			<Filter>addons\ofxOpenCv\libs\opencv\include\opencv2\gpu\device</Filter>
		</ClInclude>
		<ClInclude Include="..\..\..\addons\ofxOpenCv\libs\opencv\include\opencv2\gpu\device\reduce.hpp">
			<Filter>addons\ofxOpenCv\libs\opencv\include\opencv2\gpu\device</Filter>
		</ClInclude>
		<ClInclude Include="..\..\..\addons\ofxOpenCv\libs\opencv\include\opencv2\gpu\device\saturate_cast.hpp">
			<Filter>addons\ofxOpenCv\libs\opencv\include\opencv2\gpu\device</Filter>
		</ClInclude>
		<ClInclude Include="..\..\..\addons\ofxOpenCv\libs\opencv\include\opencv2\gpu\device\scan.hpp">
			<Filter>addons\ofxOpenCv\libs\opencv\include\opencv2\gpu\device</Filter>
		</ClInclude>
		<ClInclude Include="..\..\..\addons\ofxOpenCv\libs\opencv\include\opencv2\gpu\device\simd_functions.hpp">
			<Filter>addons\ofxOpenCv\libs\opencv\include\opencv2\gpu\device</Filter>
		</ClInclude>
		<ClInclude Include="..\..\..\addons\ofxOpenCv\libs\opencv\include\opencv2\gpu\device\static_check.hpp">
			<Filter>addons\ofxOpenCv\libs\opencv\include\opencv2\gpu\device</Filter>
		</ClInclude>
		<ClInclude Include="..\..\..\addons\ofxOpenCv\libs\opencv\include\opencv2\gpu\device\transform.hpp">
			<Filter>addons\ofxOpenCv\libs\opencv\include\opencv2\gpu\device</Filter>
		</ClInclude>
		<ClInclude Include="..\..\..\addons\ofxOpenCv\libs\opencv\include\opencv2\gpu\device\type_traits.hpp">
			<Filter>addons\ofxOpenCv\libs\opencv\include\opencv2\gpu\device</Filter>
		</ClInclude>
		<ClInclude Include="..\..\..\addons\ofxOpenCv\libs\opencv\include\opencv2\gpu\device\utility.hpp">
			<Filter>addons\ofxOpenCv\libs\opencv\include\opencv2\gpu\device</Filter>
		</ClInclude>
		<ClInclude Include="..\..\..\addons\ofxOpenCv\libs\opencv\include\opencv2\gpu\device\vec_distance.hpp">
			<Filter>addons\ofxOpenCv\libs\opencv\include\opencv2\gpu\device</Filter>
		</ClInclude>
		<ClInclude Include="..\..\..\addons\ofxOpenCv\libs\opencv\include\opencv2\gpu\device\vec_math.hpp">
			<Filter>addons\ofxOpenCv\libs\opencv\include\opencv2\gpu\device</Filter>
		</ClInclude>
		<ClInclude Include="..\..\..\addons\ofxOpenCv\libs\opencv\include\opencv2\gpu\device\vec_traits.hpp">
			<Filter>addons\ofxOpenCv\libs\opencv\include\opencv2\gpu\device</Filter>
		</ClInclude>
		<ClInclude Include="..\..\..\addons\ofxOpenCv\libs\opencv\include\opencv2\gpu\device\warp.hpp">
			<Filter>addons\ofxOpenCv\libs\opencv\include\opencv2\gpu\device</Filter>
		</ClInclude>
		<ClInclude Include="..\..\..\addons\ofxOpenCv\libs\opencv\include\opencv2\gpu\device\warp_reduce.hpp">
			<Filter>addons\ofxOpenCv\libs\opencv\include\opencv2\gpu\device</Filter>
		</ClInclude>
		<ClInclude Include="..\..\..\addons\ofxOpenCv\libs\opencv\include\opencv2\gpu\device\warp_shuffle.hpp">
			<Filter>addons\ofxOpenCv\libs\opencv\include\opencv2\gpu\device</Filter>
		</ClInclude>
		<ClInclude Include="..\..\..\addons\ofxOpenCv\libs\opencv\include\opencv2\gpu\devmem2d.hpp">
			<Filter>addons\ofxOpenCv\libs\opencv\include\opencv2\gpu</Filter>
		</ClInclude>
		<ClInclude Include="..\..\..\addons\ofxOpenCv\libs\opencv\include\opencv2\gpu\gpu.hpp">
			<Filter>addons\ofxOpenCv\libs\opencv\include\opencv2\gpu</Filter>
		</ClInclude>
		<ClInclude Include="..\..\..\addons\ofxOpenCv\libs\opencv\include\opencv2\gpu\gpumat.hpp">
			<Filter>addons\ofxOpenCv\libs\opencv\include\opencv2\gpu</Filter>
		</ClInclude>
		<ClInclude Include="..\..\..\addons\ofxOpenCv\libs\opencv\include\opencv2\gpu\stream_accessor.hpp">
			<Filter>addons\ofxOpenCv\libs\opencv\include\opencv2\gpu</Filter>
		</ClInclude>
		<ClInclude Include="..\..\..\addons\ofxOpenCv\libs\opencv\include\opencv2\highgui\cap_ios.h">
			<Filter>addons\ofxOpenCv\libs\opencv\include\opencv2\highgui</Filter>
		</ClInclude>
		<ClInclude Include="..\..\..\addons\ofxOpenCv\libs\opencv\include\opencv2\highgui\highgui.hpp">
			<Filter>addons\ofxOpenCv\libs\opencv\include\opencv2\highgui</Filter>
		</ClInclude>
		<ClInclude Include="..\..\..\addons\ofxOpenCv\libs\opencv\include\opencv2\highgui\highgui_c.h">
			<Filter>addons\ofxOpenCv\libs\opencv\include\opencv2\highgui</Filter>
		</ClInclude>
		<ClInclude Include="..\..\..\addons\ofxOpenCv\libs\opencv\include\opencv2\highgui\ios.h">
			<Filter>addons\ofxOpenCv\libs\opencv\include\opencv2\highgui</Filter>
		</ClInclude>
		<ClInclude Include="..\..\..\addons\ofxOpenCv\libs\opencv\include\opencv2\imgproc\imgproc.hpp">
			<Filter>addons\ofxOpenCv\libs\opencv\include\opencv2\imgproc</Filter>
		</ClInclude>
		<ClInclude Include="..\..\..\addons\ofxOpenCv\libs\opencv\include\opencv2\imgproc\imgproc_c.h">
			<Filter>addons\ofxOpenCv\libs\opencv\include\opencv2\imgproc</Filter>
		</ClInclude>
		<ClInclude Include="..\..\..\addons\ofxOpenCv\libs\opencv\include\opencv2\imgproc\types_c.h">
			<Filter>addons\ofxOpenCv\libs\opencv\include\opencv2\imgproc</Filter>
		</ClInclude>
		<ClInclude Include="..\..\..\addons\ofxOpenCv\libs\opencv\include\opencv2\legacy\blobtrack.hpp">
			<Filter>addons\ofxOpenCv\libs\opencv\include\opencv2\legacy</Filter>
		</ClInclude>
		<ClInclude Include="..\..\..\addons\ofxOpenCv\libs\opencv\include\opencv2\legacy\compat.hpp">
			<Filter>addons\ofxOpenCv\libs\opencv\include\opencv2\legacy</Filter>
		</ClInclude>
		<ClInclude Include="..\..\..\addons\ofxOpenCv\libs\opencv\include\opencv2\legacy\legacy.hpp">
			<Filter>addons\ofxOpenCv\libs\opencv\include\opencv2\legacy</Filter>
		</ClInclude>
		<ClInclude Include="..\..\..\addons\ofxOpenCv\libs\opencv\include\opencv2\legacy\streams.hpp">
			<Filter>addons\ofxOpenCv\libs\opencv\include\opencv2\legacy</Filter>
		</ClInclude>
		<ClInclude Include="..\..\..\addons\ofxOpenCv\libs\opencv\include\opencv2\ml\ml.hpp">
			<Filter>addons\ofxOpenCv\libs\opencv\include\opencv2\ml</Filter>
		</ClInclude>
		<ClInclude Include="..\..\..\addons\ofxOpenCv\libs\opencv\include\opencv2\nonfree\features2d.hpp">
			<Filter>addons\ofxOpenCv\libs\opencv\include\opencv2\nonfree</Filter>
		</ClInclude>
		<ClInclude Include="..\..\..\addons\ofxOpenCv\libs\opencv\include\opencv2\nonfree\gpu.hpp">
			<Filter>addons\ofxOpenCv\libs\opencv\include\opencv2\nonfree</Filter>
		</ClInclude>
		<ClInclude Include="..\..\..\addons\ofxOpenCv\libs\opencv\include\opencv2\nonfree\nonfree.hpp">
			<Filter>addons\ofxOpenCv\libs\opencv\include\opencv2\nonfree</Filter>
		</ClInclude>
		<ClInclude Include="..\..\..\addons\ofxOpenCv\libs\opencv\include\opencv2\nonfree\ocl.hpp">
			<Filter>addons\ofxOpenCv\libs\opencv\include\opencv2\nonfree</Filter>
		</ClInclude>
		<ClInclude Include="..\..\..\addons\ofxOpenCv\libs\opencv\include\opencv2\objdetect\objdetect.hpp">
			<Filter>addons\ofxOpenCv\libs\opencv\include\opencv2\objdetect</Filter>
		</ClInclude>
		<ClInclude Include="..\..\..\addons\ofxOpenCv\libs\opencv\include\opencv2\opencv.hpp">
			<Filter>addons\ofxOpenCv\libs\opencv\include\opencv2</Filter>
		</ClInclude>
		<ClInclude Include="..\..\..\addons\ofxOpenCv\libs\opencv\include\opencv2\opencv_modules.hpp">
			<Filter>addons\ofxOpenCv\libs\opencv\include\opencv2</Filter>
		</ClInclude>
		<ClInclude Include="..\..\..\addons\ofxOpenCv\libs\opencv\include\opencv2\photo\photo.hpp">
			<Filter>addons\ofxOpenCv\libs\opencv\include\opencv2\photo</Filter>
		</ClInclude>
		<ClInclude Include="..\..\..\addons\ofxOpenCv\libs\opencv\include\opencv2\photo\photo_c.h">
			<Filter>addons\ofxOpenCv\libs\opencv\include\opencv2\photo</Filter>
		</ClInclude>
		<ClInclude Include="..\..\..\addons\ofxOpenCv\libs\opencv\include\opencv2\stitching\detail\autocalib.hpp">
			<Filter>addons\ofxOpenCv\libs\opencv\include\opencv2\stitching\detail</Filter>
		</ClInclude>
		<ClInclude Include="..\..\..\addons\ofxOpenCv\libs\opencv\include\opencv2\stitching\detail\blenders.hpp">
			<Filter>addons\ofxOpenCv\libs\opencv\include\opencv2\stitching\detail</Filter>
		</ClInclude>
		<ClInclude Include="..\..\..\addons\ofxOpenCv\libs\opencv\include\opencv2\stitching\detail\camera.hpp">
			<Filter>addons\ofxOpenCv\libs\opencv\include\opencv2\stitching\detail</Filter>
		</ClInclude>
		<ClInclude Include="..\..\..\addons\ofxOpenCv\libs\opencv\include\opencv2\stitching\detail\exposure_compensate.hpp">
			<Filter>addons\ofxOpenCv\libs\opencv\include\opencv2\stitching\detail</Filter>
		</ClInclude>
		<ClInclude Include="..\..\..\addons\ofxOpenCv\libs\opencv\include\opencv2\stitching\detail\matchers.hpp">
			<Filter>addons\ofxOpenCv\libs\opencv\include\opencv2\stitching\detail</Filter>
		</ClInclude>
		<ClInclude Include="..\..\..\addons\ofxOpenCv\libs\opencv\include\opencv2\stitching\detail\motion_estimators.hpp">
			<Filter>addons\ofxOpenCv\libs\opencv\include\opencv2\stitching\detail</Filter>
		</ClInclude>
		<ClInclude Include="..\..\..\addons\ofxOpenCv\libs\opencv\include\opencv2\stitching\detail\seam_finders.hpp">
			<Filter>addons\ofxOpenCv\libs\opencv\include\opencv2\stitching\detail</Filter>
		</ClInclude>
		<ClInclude Include="..\..\..\addons\ofxOpenCv\libs\opencv\include\opencv2\stitching\detail\util.hpp">
			<Filter>addons\ofxOpenCv\libs\opencv\include\opencv2\stitching\detail</Filter>
		</ClInclude>
		<ClInclude Include="..\..\..\addons\ofxOpenCv\libs\opencv\include\opencv2\stitching\detail\util_inl.hpp">
			<Filter>addons\ofxOpenCv\libs\opencv\include\opencv2\stitching\detail</Filter>
		</ClInclude>
		<ClInclude Include="..\..\..\addons\ofxOpenCv\libs\opencv\include\opencv2\stitching\detail\warpers.hpp">
			<Filter>addons\ofxOpenCv\libs\opencv\include\opencv2\stitching\detail</Filter>
		</ClInclude>
		<ClInclude Include="..\..\..\addons\ofxOpenCv\libs\opencv\include\opencv2\stitching\detail\warpers_inl.hpp">
			<Filter>addons\ofxOpenCv\libs\opencv\include\opencv2\stitching\detail</Filter>
		</ClInclude>
		<ClInclude Include="..\..\..\addons\ofxOpenCv\libs\opencv\include\opencv2\stitching\stitcher.hpp">
			<Filter>addons\ofxOpenCv\libs\opencv\include\opencv2\stitching</Filter>
		</ClInclude>
		<ClInclude Include="..\..\..\addons\ofxOpenCv\libs\opencv\include\opencv2\stitching\warpers.hpp">
			<Filter>addons\ofxOpenCv\libs\opencv\include\opencv2\stitching</Filter>
		</ClInclude>
		<ClInclude Include="..\..\..\addons\ofxOpenCv\libs\opencv\include\opencv2\superres\optical_flow.hpp">
			<Filter>addons\ofxOpenCv\libs\opencv\include\opencv2\superres</Filter>
		</ClInclude>
		<ClInclude Include="..\..\..\addons\ofxOpenCv\libs\opencv\include\opencv2\superres\superres.hpp">
			<Filter>addons\ofxOpenCv\libs\opencv\include\opencv2\superres</Filter>
		</ClInclude>
		<ClInclude Include="..\..\..\addons\ofxOpenCv\libs\opencv\include\opencv2\ts\gpu_perf.hpp">
			<Filter>addons\ofxOpenCv\libs\opencv\include\opencv2\ts</Filter>
		</ClInclude>
		<ClInclude Include="..\..\..\addons\ofxOpenCv\libs\opencv\include\opencv2\ts\gpu_test.hpp">
			<Filter>addons\ofxOpenCv\libs\opencv\include\opencv2\ts</Filter>
		</ClInclude>
		<ClInclude Include="..\..\..\addons\ofxOpenCv\libs\opencv\include\opencv2\ts\ts.hpp">
			<Filter>addons\ofxOpenCv\libs\opencv\include\opencv2\ts</Filter>
		</ClInclude>
		<ClInclude Include="..\..\..\addons\ofxOpenCv\libs\opencv\include\opencv2\ts\ts_gtest.h">
			<Filter>addons\ofxOpenCv\libs\opencv\include\opencv2\ts</Filter>
		</ClInclude>
		<ClInclude Include="..\..\..\addons\ofxOpenCv\libs\opencv\include\opencv2\ts\ts_perf.hpp">
			<Filter>addons\ofxOpenCv\libs\opencv\include\opencv2\ts</Filter>
		</ClInclude>
		<ClInclude Include="..\..\..\addons\ofxOpenCv\libs\opencv\include\opencv2\video\background_segm.hpp">
			<Filter>addons\ofxOpenCv\libs\opencv\include\opencv2\video</Filter>
		</ClInclude>
		<ClInclude Include="..\..\..\addons\ofxOpenCv\libs\opencv\include\opencv2\video\tracking.hpp">
			<Filter>addons\ofxOpenCv\libs\opencv\include\opencv2\video</Filter>
		</ClInclude>
		<ClInclude Include="..\..\..\addons\ofxOpenCv\libs\opencv\include\opencv2\video\video.hpp">
			<Filter>addons\ofxOpenCv\libs\opencv\include\opencv2\video</Filter>
		</ClInclude>
		<ClInclude Include="..\..\..\addons\ofxOpenCv\libs\opencv\include\opencv2\videostab\deblurring.hpp">
			<Filter>addons\ofxOpenCv\libs\opencv\include\opencv2\videostab</Filter>
		</ClInclude>
		<ClInclude Include="..\..\..\addons\ofxOpenCv\libs\opencv\include\opencv2\videostab\fast_marching.hpp">
			<Filter>addons\ofxOpenCv\libs\opencv\include\opencv2\videostab</Filter>
		</ClInclude>
		<ClInclude Include="..\..\..\addons\ofxOpenCv\libs\opencv\include\opencv2\videostab\fast_marching_inl.hpp">
			<Filter>addons\ofxOpenCv\libs\opencv\include\opencv2\videostab</Filter>
		</ClInclude>
		<ClInclude Include="..\..\..\addons\ofxOpenCv\libs\opencv\include\opencv2\videostab\frame_source.hpp">
			<Filter>addons\ofxOpenCv\libs\opencv\include\opencv2\videostab</Filter>
		</ClInclude>
		<ClInclude Include="..\..\..\addons\ofxOpenCv\libs\opencv\include\opencv2\videostab\global_motion.hpp">
			<Filter>addons\ofxOpenCv\libs\opencv\include\opencv2\videostab</Filter>
		</ClInclude>
		<ClInclude Include="..\..\..\addons\ofxOpenCv\libs\opencv\include\opencv2\videostab\inpainting.hpp">
			<Filter>addons\ofxOpenCv\libs\opencv\include\opencv2\videostab</Filter>
		</ClInclude>
		<ClInclude Include="..\..\..\addons\ofxOpenCv\libs\opencv\include\opencv2\videostab\log.hpp">
			<Filter>addons\ofxOpenCv\libs\opencv\include\opencv2\videostab</Filter>
		</ClInclude>
		<ClInclude Include="..\..\..\addons\ofxOpenCv\libs\opencv\include\opencv2\videostab\motion_stabilizing.hpp">
			<Filter>addons\ofxOpenCv\libs\opencv\include\opencv2\videostab</Filter>
		</ClInclude>
		<ClInclude Include="..\..\..\addons\ofxOpenCv\libs\opencv\include\opencv2\videostab\optical_flow.hpp">
			<Filter>addons\ofxOpenCv\libs\opencv\include\opencv2\videostab</Filter>
		</ClInclude>
		<ClInclude Include="..\..\..\addons\ofxOpenCv\libs\opencv\include\opencv2\videostab\stabilizer.hpp">
			<Filter>addons\ofxOpenCv\libs\opencv\include\opencv2\videostab</Filter>
		</ClInclude>
		<ClInclude Include="..\..\..\addons\ofxOpenCv\libs\opencv\include\opencv2\videostab\videostab.hpp">
			<Filter>addons\ofxOpenCv\libs\opencv\include\opencv2\videostab</Filter>
		</ClInclude>
		<ClInclude Include="..\..\..\addons\ofxXmlSettings\src\ofxXmlSettings.h">
			<Filter>addons\ofxXmlSettings\src</Filter>
		</ClInclude>
		<ClInclude Include="..\..\..\addons\ofxXmlSettings\libs\tinyxml.h">
			<Filter>addons\ofxXmlSettings\libs</Filter>
		</ClInclude>
		<ClInclude Include="addons\ofxQuadWarp\src\ofxQuadWarp.h">
			<Filter>local_addons\ofxQuadWarp\src</Filter>
		</ClInclude>
		<ClInclude Include="addons\ofxCv\src\ofxCv.h">
			<Filter>local_addons\ofxCv\src</Filter>
		</ClInclude>
		<ClInclude Include="addons\ofxCv\libs\CLD\include\CLD\ETF.h">
			<Filter>local_addons\ofxCv\libs\CLD\include\CLD</Filter>
		</ClInclude>
		<ClInclude Include="addons\ofxCv\libs\CLD\include\CLD\fdog.h">
			<Filter>local_addons\ofxCv\libs\CLD\include\CLD</Filter>
		</ClInclude>
		<ClInclude Include="addons\ofxCv\libs\CLD\include\CLD\imatrix.h">
			<Filter>local_addons\ofxCv\libs\CLD\include\CLD</Filter>
		</ClInclude>
		<ClInclude Include="addons\ofxCv\libs\CLD\include\CLD\myvec.h">
			<Filter>local_addons\ofxCv\libs\CLD\include\CLD</Filter>
		</ClInclude>
		<ClInclude Include="addons\ofxCv\libs\ofxCv\include\ofxCv\Calibration.h">
			<Filter>local_addons\ofxCv\libs\ofxCv\include\ofxCv</Filter>
		</ClInclude>
		<ClInclude Include="addons\ofxCv\libs\ofxCv\include\ofxCv\ContourFinder.h">
			<Filter>local_addons\ofxCv\libs\ofxCv\include\ofxCv</Filter>
		</ClInclude>
		<ClInclude Include="addons\ofxCv\libs\ofxCv\include\ofxCv\Distance.h">
			<Filter>local_addons\ofxCv\libs\ofxCv\include\ofxCv</Filter>
		</ClInclude>
		<ClInclude Include="addons\ofxCv\libs\ofxCv\include\ofxCv\Flow.h">
			<Filter>local_addons\ofxCv\libs\ofxCv\include\ofxCv</Filter>
		</ClInclude>
		<ClInclude Include="addons\ofxCv\libs\ofxCv\include\ofxCv\Helpers.h">
			<Filter>local_addons\ofxCv\libs\ofxCv\include\ofxCv</Filter>
		</ClInclude>
		<ClInclude Include="addons\ofxCv\libs\ofxCv\include\ofxCv\Kalman.h">
			<Filter>local_addons\ofxCv\libs\ofxCv\include\ofxCv</Filter>
		</ClInclude>
		<ClInclude Include="addons\ofxCv\libs\ofxCv\include\ofxCv\ObjectFinder.h">
			<Filter>local_addons\ofxCv\libs\ofxCv\include\ofxCv</Filter>
		</ClInclude>
		<ClInclude Include="addons\ofxCv\libs\ofxCv\include\ofxCv\RunningBackground.h">
			<Filter>local_addons\ofxCv\libs\ofxCv\include\ofxCv</Filter>
		</ClInclude>
		<ClInclude Include="addons\ofxCv\libs\ofxCv\include\ofxCv\Tracker.h">
			<Filter>local_addons\ofxCv\libs\ofxCv\include\ofxCv</Filter>
		</ClInclude>
		<ClInclude Include="addons\ofxCv\libs\ofxCv\include\ofxCv\Utilities.h">
			<Filter>local_addons\ofxCv\libs\ofxCv\include\ofxCv</Filter>
		</ClInclude>
		<ClInclude Include="addons\ofxCv\libs\ofxCv\include\ofxCv\Wrappers.h">
			<Filter>local_addons\ofxCv\libs\ofxCv\include\ofxCv</Filter>
		</ClInclude>
		<ClInclude Include="addons\ofxTweenzor\src\ofxTweenzor.h">
			<Filter>local_addons\ofxTweenzor\src</Filter>
		</ClInclude>
		<ClInclude Include="addons\ofxTweenzor\src\Tween.h">
			<Filter>local_addons\ofxTweenzor\src</Filter>
		</ClInclude>
		<ClInclude Include="addons\ofxTweenzor\src\TweenEvent.h">
			<Filter>local_addons\ofxTweenzor\src</Filter>
		</ClInclude>
		<ClInclude Include="addons\ofxTweenzor\src\TweenFunctions.h">
			<Filter>local_addons\ofxTweenzor\src</Filter>
		</ClInclude>
		<ClInclude Include="addons\ofxTweenzor\src\TweenSelector.h">
			<Filter>local_addons\ofxTweenzor\src</Filter>
		</ClInclude>
		<ClInclude Include="addons\ofxTweenzor\src\Tweenzor.h">
			<Filter>local_addons\ofxTweenzor\src</Filter>
		</ClInclude>
		<ClInclude Include="addons\ofxBox2d\src\ofxBox2d.h">
			<Filter>local_addons\ofxBox2d\src</Filter>
		</ClInclude>
		<ClInclude Include="addons\ofxBox2d\src\ofxBox2dBaseShape.h">
			<Filter>local_addons\ofxBox2d\src</Filter>
		</ClInclude>
		<ClInclude Include="addons\ofxBox2d\src\ofxBox2dCircle.h">
			<Filter>local_addons\ofxBox2d\src</Filter>
		</ClInclude>
		<ClInclude Include="addons\ofxBox2d\src\ofxBox2dContactListener.h">
			<Filter>local_addons\ofxBox2d\src</Filter>
		</ClInclude>
		<ClInclude Include="addons\ofxBox2d\src\ofxBox2dConvexPoly.h">
			<Filter>local_addons\ofxBox2d\src</Filter>
		</ClInclude>
		<ClInclude Include="addons\ofxBox2d\src\ofxBox2dEdge.h">
			<Filter>local_addons\ofxBox2d\src</Filter>
		</ClInclude>
		<ClInclude Include="addons\ofxBox2d\src\ofxBox2dJoint.h">
			<Filter>local_addons\ofxBox2d\src</Filter>
		</ClInclude>
		<ClInclude Include="addons\ofxBox2d\src\ofxBox2dPolygon.h">
			<Filter>local_addons\ofxBox2d\src</Filter>
		</ClInclude>
		<ClInclude Include="addons\ofxBox2d\src\ofxBox2dPolygonUtils.h">
			<Filter>local_addons\ofxBox2d\src</Filter>
		</ClInclude>
		<ClInclude Include="addons\ofxBox2d\src\ofxBox2dRect.h">
			<Filter>local_addons\ofxBox2d\src</Filter>
		</ClInclude>
		<ClInclude Include="addons\ofxBox2d\src\ofxBox2dRender.h">
			<Filter>local_addons\ofxBox2d\src</Filter>
		</ClInclude>
		<ClInclude Include="addons\ofxBox2d\src\ofxBox2dUtils.h">
			<Filter>local_addons\ofxBox2d\src</Filter>
		</ClInclude>
		<ClInclude Include="addons\ofxBox2d\libs\Box2D\Box2D.h">
			<Filter>local_addons\ofxBox2d\libs\Box2D</Filter>
		</ClInclude>
		<ClInclude Include="addons\ofxBox2d\libs\Box2D\Collision\b2BroadPhase.h">
			<Filter>local_addons\ofxBox2d\libs\Box2D\Collision</Filter>
		</ClInclude>
		<ClInclude Include="addons\ofxBox2d\libs\Box2D\Collision\b2Collision.h">
			<Filter>local_addons\ofxBox2d\libs\Box2D\Collision</Filter>
		</ClInclude>
		<ClInclude Include="addons\ofxBox2d\libs\Box2D\Collision\b2Distance.h">
			<Filter>local_addons\ofxBox2d\libs\Box2D\Collision</Filter>
		</ClInclude>
		<ClInclude Include="addons\ofxBox2d\libs\Box2D\Collision\b2DynamicTree.h">
			<Filter>local_addons\ofxBox2d\libs\Box2D\Collision</Filter>
		</ClInclude>
		<ClInclude Include="addons\ofxBox2d\libs\Box2D\Collision\b2TimeOfImpact.h">
			<Filter>local_addons\ofxBox2d\libs\Box2D\Collision</Filter>
		</ClInclude>
		<ClInclude Include="addons\ofxBox2d\libs\Box2D\Collision\Shapes\b2ChainShape.h">
			<Filter>local_addons\ofxBox2d\libs\Box2D\Collision\Shapes</Filter>
		</ClInclude>
		<ClInclude Include="addons\ofxBox2d\libs\Box2D\Collision\Shapes\b2CircleShape.h">
			<Filter>local_addons\ofxBox2d\libs\Box2D\Collision\Shapes</Filter>
		</ClInclude>
		<ClInclude Include="addons\ofxBox2d\libs\Box2D\Collision\Shapes\b2EdgeShape.h">
			<Filter>local_addons\ofxBox2d\libs\Box2D\Collision\Shapes</Filter>
		</ClInclude>
		<ClInclude Include="addons\ofxBox2d\libs\Box2D\Collision\Shapes\b2PolygonShape.h">
			<Filter>local_addons\ofxBox2d\libs\Box2D\Collision\Shapes</Filter>
		</ClInclude>
		<ClInclude Include="addons\ofxBox2d\libs\Box2D\Collision\Shapes\b2Shape.h">
			<Filter>local_addons\ofxBox2d\libs\Box2D\Collision\Shapes</Filter>
		</ClInclude>
		<ClInclude Include="addons\ofxBox2d\libs\Box2D\Common\b2BlockAllocator.h">
			<Filter>local_addons\ofxBox2d\libs\Box2D\Common</Filter>
		</ClInclude>
		<ClInclude Include="addons\ofxBox2d\libs\Box2D\Common\b2Draw.h">
			<Filter>local_addons\ofxBox2d\libs\Box2D\Common</Filter>
		</ClInclude>
		<ClInclude Include="addons\ofxBox2d\libs\Box2D\Common\b2GrowableStack.h">
			<Filter>local_addons\ofxBox2d\libs\Box2D\Common</Filter>
		</ClInclude>
		<ClInclude Include="addons\ofxBox2d\libs\Box2D\Common\b2Math.h">
			<Filter>local_addons\ofxBox2d\libs\Box2D\Common</Filter>
		</ClInclude>
		<ClInclude Include="addons\ofxBox2d\libs\Box2D\Common\b2Settings.h">
			<Filter>local_addons\ofxBox2d\libs\Box2D\Common</Filter>
		</ClInclude>
		<ClInclude Include="addons\ofxBox2d\libs\Box2D\Common\b2StackAllocator.h">
			<Filter>local_addons\ofxBox2d\libs\Box2D\Common</Filter>
		</ClInclude>
		<ClInclude Include="addons\ofxBox2d\libs\Box2D\Common\b2Timer.h">
			<Filter>local_addons\ofxBox2d\libs\Box2D\Common</Filter>
		</ClInclude>
		<ClInclude Include="addons\ofxBox2d\libs\Box2D\Dynamics\b2Body.h">
			<Filter>local_addons\ofxBox2d\libs\Box2D\Dynamics</Filter>
		</ClInclude>
		<ClInclude Include="addons\ofxBox2d\libs\Box2D\Dynamics\b2ContactManager.h">
			<Filter>local_addons\ofxBox2d\libs\Box2D\Dynamics</Filter>
		</ClInclude>
		<ClInclude Include="addons\ofxBox2d\libs\Box2D\Dynamics\b2Fixture.h">
			<Filter>local_addons\ofxBox2d\libs\Box2D\Dynamics</Filter>
		</ClInclude>
		<ClInclude Include="addons\ofxBox2d\libs\Box2D\Dynamics\b2Island.h">
			<Filter>local_addons\ofxBox2d\libs\Box2D\Dynamics</Filter>
		</ClInclude>
		<ClInclude Include="addons\ofxBox2d\libs\Box2D\Dynamics\b2TimeStep.h">
			<Filter>local_addons\ofxBox2d\libs\Box2D\Dynamics</Filter>
		</ClInclude>
		<ClInclude Include="addons\ofxBox2d\libs\Box2D\Dynamics\b2World.h">
			<Filter>local_addons\ofxBox2d\libs\Box2D\Dynamics</Filter>
		</ClInclude>
		<ClInclude Include="addons\ofxBox2d\libs\Box2D\Dynamics\b2WorldCallbacks.h">
			<Filter>local_addons\ofxBox2d\libs\Box2D\Dynamics</Filter>
		</ClInclude>
		<ClInclude Include="addons\ofxBox2d\libs\Box2D\Dynamics\Contacts\b2ChainAndCircleContact.h">
			<Filter>local_addons\ofxBox2d\libs\Box2D\Dynamics\Contacts</Filter>
		</ClInclude>
		<ClInclude Include="addons\ofxBox2d\libs\Box2D\Dynamics\Contacts\b2ChainAndPolygonContact.h">
			<Filter>local_addons\ofxBox2d\libs\Box2D\Dynamics\Contacts</Filter>
		</ClInclude>
		<ClInclude Include="addons\ofxBox2d\libs\Box2D\Dynamics\Contacts\b2CircleContact.h">
			<Filter>local_addons\ofxBox2d\libs\Box2D\Dynamics\Contacts</Filter>
		</ClInclude>
		<ClInclude Include="addons\ofxBox2d\libs\Box2D\Dynamics\Contacts\b2Contact.h">
			<Filter>local_addons\ofxBox2d\libs\Box2D\Dynamics\Contacts</Filter>
		</ClInclude>
		<ClInclude Include="addons\ofxBox2d\libs\Box2D\Dynamics\Contacts\b2ContactSolver.h">
			<Filter>local_addons\ofxBox2d\libs\Box2D\Dynamics\Contacts</Filter>
		</ClInclude>
		<ClInclude Include="addons\ofxBox2d\libs\Box2D\Dynamics\Contacts\b2EdgeAndCircleContact.h">
			<Filter>local_addons\ofxBox2d\libs\Box2D\Dynamics\Contacts</Filter>
		</ClInclude>
		<ClInclude Include="addons\ofxBox2d\libs\Box2D\Dynamics\Contacts\b2EdgeAndPolygonContact.h">
			<Filter>local_addons\ofxBox2d\libs\Box2D\Dynamics\Contacts</Filter>
		</ClInclude>
		<ClInclude Include="addons\ofxBox2d\libs\Box2D\Dynamics\Contacts\b2PolygonAndCircleContact.h">
			<Filter>local_addons\ofxBox2d\libs\Box2D\Dynamics\Contacts</Filter>
		</ClInclude>
		<ClInclude Include="addons\ofxBox2d\libs\Box2D\Dynamics\Contacts\b2PolygonContact.h">
			<Filter>local_addons\ofxBox2d\libs\Box2D\Dynamics\Contacts</Filter>
		</ClInclude>
		<ClInclude Include="addons\ofxBox2d\libs\Box2D\Dynamics\Joints\b2DistanceJoint.h">
			<Filter>local_addons\ofxBox2d\libs\Box2D\Dynamics\Joints</Filter>
		</ClInclude>
		<ClInclude Include="addons\ofxBox2d\libs\Box2D\Dynamics\Joints\b2FrictionJoint.h">
			<Filter>local_addons\ofxBox2d\libs\Box2D\Dynamics\Joints</Filter>
		</ClInclude>
		<ClInclude Include="addons\ofxBox2d\libs\Box2D\Dynamics\Joints\b2GearJoint.h">
			<Filter>local_addons\ofxBox2d\libs\Box2D\Dynamics\Joints</Filter>
		</ClInclude>
		<ClInclude Include="addons\ofxBox2d\libs\Box2D\Dynamics\Joints\b2Joint.h">
			<Filter>local_addons\ofxBox2d\libs\Box2D\Dynamics\Joints</Filter>
		</ClInclude>
		<ClInclude Include="addons\ofxBox2d\libs\Box2D\Dynamics\Joints\b2MotorJoint.h">
			<Filter>local_addons\ofxBox2d\libs\Box2D\Dynamics\Joints</Filter>
		</ClInclude>
		<ClInclude Include="addons\ofxBox2d\libs\Box2D\Dynamics\Joints\b2MouseJoint.h">
			<Filter>local_addons\ofxBox2d\libs\Box2D\Dynamics\Joints</Filter>
		</ClInclude>
		<ClInclude Include="addons\ofxBox2d\libs\Box2D\Dynamics\Joints\b2PrismaticJoint.h">
			<Filter>local_addons\ofxBox2d\libs\Box2D\Dynamics\Joints</Filter>
		</ClInclude>
		<ClInclude Include="addons\ofxBox2d\libs\Box2D\Dynamics\Joints\b2PulleyJoint.h">
			<Filter>local_addons\ofxBox2d\libs\Box2D\Dynamics\Joints</Filter>
		</ClInclude>
		<ClInclude Include="addons\ofxBox2d\libs\Box2D\Dynamics\Joints\b2RevoluteJoint.h">
			<Filter>local_addons\ofxBox2d\libs\Box2D\Dynamics\Joints</Filter>
		</ClInclude>
		<ClInclude Include="addons\ofxBox2d\libs\Box2D\Dynamics\Joints\b2RopeJoint.h">
			<Filter>local_addons\ofxBox2d\libs\Box2D\Dynamics\Joints</Filter>
		</ClInclude>
		<ClInclude Include="addons\ofxBox2d\libs\Box2D\Dynamics\Joints\b2WeldJoint.h">
			<Filter>local_addons\ofxBox2d\libs\Box2D\Dynamics\Joints</Filter>
		</ClInclude>
		<ClInclude Include="addons\ofxBox2d\libs\Box2D\Dynamics\Joints\b2WheelJoint.h">
			<Filter>local_addons\ofxBox2d\libs\Box2D\Dynamics\Joints</Filter>
		</ClInclude>
		<ClInclude Include="addons\ofxBox2d\libs\Box2D\Rope\b2Rope.h">
			<Filter>local_addons\ofxBox2d\libs\Box2D\Rope</Filter>
		</ClInclude>
		<ClInclude Include="addons\ofxBox2d\libs\triangle\assert.hpp">
			<Filter>local_addons\ofxBox2d\libs\triangle</Filter>
		</ClInclude>
		<ClInclude Include="addons\ofxBox2d\libs\triangle\del_interface.hpp">
			<Filter>local_addons\ofxBox2d\libs\triangle</Filter>
		</ClInclude>
		<ClInclude Include="addons\ofxBox2d\libs\triangle\dpoint.hpp">
			<Filter>local_addons\ofxBox2d\libs\triangle</Filter>
		</ClInclude>
		<ClInclude Include="addons\ofxBox2d\libs\triangle\triangle.h">
			<Filter>local_addons\ofxBox2d\libs\triangle</Filter>
		</ClInclude>
		<ClInclude Include="addons\ofxBox2d\libs\triangle\triangle_impl.hpp">
			<Filter>local_addons\ofxBox2d\libs\triangle</Filter>
		</ClInclude>
		<ClInclude Include="addons\ofxInkSim\src\brush\BrashIF.h">
			<Filter>local_addons\ofxInkSim\src\brush</Filter>
		</ClInclude>
		<ClInclude Include="addons\ofxInkSim\src\brush\SampleBrush.h">
			<Filter>local_addons\ofxInkSim\src\brush</Filter>
		</ClInclude>
		<ClInclude Include="addons\ofxInkSim\src\FboPingPong.h">
			<Filter>local_addons\ofxInkSim\src</Filter>
		</ClInclude>
		<ClInclude Include="addons\ofxInkSim\src\ofxInkSim.h">
			<Filter>local_addons\ofxInkSim\src</Filter>
		</ClInclude>
		<ClInclude Include="addons\ofxInkSim\src\shader\AddPigmentShader.h">
			<Filter>local_addons\ofxInkSim\src\shader</Filter>
		</ClInclude>
		<ClInclude Include="addons\ofxInkSim\src\shader\AddWaterShader.h">
			<Filter>local_addons\ofxInkSim\src\shader</Filter>
		</ClInclude>
		<ClInclude Include="addons\ofxInkSim\src\shader\BlockShader.h">
			<Filter>local_addons\ofxInkSim\src\shader</Filter>
		</ClInclude>
		<ClInclude Include="addons\ofxInkSim\src\shader\Collide1Shader.h">
			<Filter>local_addons\ofxInkSim\src\shader</Filter>
		</ClInclude>
		<ClInclude Include="addons\ofxInkSim\src\shader\Collide2Shader.h">
			<Filter>local_addons\ofxInkSim\src\shader</Filter>
		</ClInclude>
		<ClInclude Include="addons\ofxInkSim\src\shader\GapShader.h">
			<Filter>local_addons\ofxInkSim\src\shader</Filter>
		</ClInclude>
		<ClInclude Include="addons\ofxInkSim\src\shader\GetVelDenShader.h">
			<Filter>local_addons\ofxInkSim\src\shader</Filter>
		</ClInclude>
		<ClInclude Include="addons\ofxInkSim\src\shader\GetXYZShader.h">
			<Filter>local_addons\ofxInkSim\src\shader</Filter>
		</ClInclude>
		<ClInclude Include="addons\ofxInkSim\src\shader\GetZShader.h">
			<Filter>local_addons\ofxInkSim\src\shader</Filter>
		</ClInclude>
		<ClInclude Include="addons\ofxInkSim\src\shader\InkFlowShader.h">
			<Filter>local_addons\ofxInkSim\src\shader</Filter>
		</ClInclude>
		<ClInclude Include="addons\ofxInkSim\src\shader\InkShader.h">
			<Filter>local_addons\ofxInkSim\src\shader</Filter>
		</ClInclude>
		<ClInclude Include="addons\ofxInkSim\src\shader\InkSupplyShader.h">
			<Filter>local_addons\ofxInkSim\src\shader</Filter>
		</ClInclude>
		<ClInclude Include="addons\ofxInkSim\src\shader\InkXAmtShader.h">
			<Filter>local_addons\ofxInkSim\src\shader</Filter>
		</ClInclude>
		<ClInclude Include="addons\ofxInkSim\src\shader\InkXFrShader.h">
			<Filter>local_addons\ofxInkSim\src\shader</Filter>
		</ClInclude>
		<ClInclude Include="addons\ofxInkSim\src\shader\InkXToShader.h">
			<Filter>local_addons\ofxInkSim\src\shader</Filter>
		</ClInclude>
		<ClInclude Include="addons\ofxInkSim\src\shader\Stream1Shader.h">
			<Filter>local_addons\ofxInkSim\src\shader</Filter>
		</ClInclude>
		<ClInclude Include="addons\ofxInkSim\src\shader\Stream2Shader.h">
			<Filter>local_addons\ofxInkSim\src\shader</Filter>
		</ClInclude>
		<ClInclude Include="addons\ofxPuppet\src\ofxPuppet.h">
			<Filter>local_addons\ofxPuppet\src</Filter>
		</ClInclude>
		<ClInclude Include="addons\ofxPuppet\src\ofxPuppetInteractive.h">
			<Filter>local_addons\ofxPuppet\src</Filter>
		</ClInclude>
		<ClInclude Include="addons\ofxPuppet\libs\rigidAsPossibleMesh\src\LinearAlgebra.h">
			<Filter>local_addons\ofxPuppet\libs\rigidAsPossibleMesh\src</Filter>
		</ClInclude>
		<ClInclude Include="addons\ofxPuppet\libs\rigidAsPossibleMesh\src\RigidMeshDeformer2D.h">
			<Filter>local_addons\ofxPuppet\libs\rigidAsPossibleMesh\src</Filter>
		</ClInclude>
		<ClInclude Include="addons\ofxPuppet\libs\rigidAsPossibleMesh\src\rmsdebug.h">
			<Filter>local_addons\ofxPuppet\libs\rigidAsPossibleMesh\src</Filter>
		</ClInclude>
		<ClInclude Include="addons\ofxPuppet\libs\rigidAsPossibleMesh\src\TriangleMesh.h">
			<Filter>local_addons\ofxPuppet\libs\rigidAsPossibleMesh\src</Filter>
		</ClInclude>
		<ClInclude Include="addons\ofxPuppet\libs\rigidAsPossibleMesh\src\WmlExtTriangleUtils.h">
			<Filter>local_addons\ofxPuppet\libs\rigidAsPossibleMesh\src</Filter>
		</ClInclude>
		<ClInclude Include="addons\ofxPuppet\libs\rigidAsPossibleMesh\src\WmlLinearSystemExt.h">
			<Filter>local_addons\ofxPuppet\libs\rigidAsPossibleMesh\src</Filter>
		</ClInclude>
		<ClInclude Include="addons\ofxPuppet\libs\wml\src\WmlBandedMatrix.h">
			<Filter>local_addons\ofxPuppet\libs\wml\src</Filter>
		</ClInclude>
		<ClInclude Include="addons\ofxPuppet\libs\wml\src\WmlBox2.h">
			<Filter>local_addons\ofxPuppet\libs\wml\src</Filter>
		</ClInclude>
		<ClInclude Include="addons\ofxPuppet\libs\wml\src\WmlGMatrix.h">
			<Filter>local_addons\ofxPuppet\libs\wml\src</Filter>
		</ClInclude>
		<ClInclude Include="addons\ofxPuppet\libs\wml\src\WmlGVector.h">
			<Filter>local_addons\ofxPuppet\libs\wml\src</Filter>
		</ClInclude>
		<ClInclude Include="addons\ofxPuppet\libs\wml\src\WmlLinearSystem.h">
			<Filter>local_addons\ofxPuppet\libs\wml\src</Filter>
		</ClInclude>
		<ClInclude Include="addons\ofxPuppet\libs\wml\src\WmlMath.h">
			<Filter>local_addons\ofxPuppet\libs\wml\src</Filter>
		</ClInclude>
		<ClInclude Include="addons\ofxPuppet\libs\wml\src\WmlMatrix.h">
			<Filter>local_addons\ofxPuppet\libs\wml\src</Filter>
		</ClInclude>
		<ClInclude Include="addons\ofxPuppet\libs\wml\src\WmlMatrix4.h">
			<Filter>local_addons\ofxPuppet\libs\wml\src</Filter>
		</ClInclude>
		<ClInclude Include="addons\ofxPuppet\libs\wml\src\WmlVector.h">
			<Filter>local_addons\ofxPuppet\libs\wml\src</Filter>
		</ClInclude>
		<ClInclude Include="addons\ofxPuppet\libs\wml\src\WmlVector2.h">
			<Filter>local_addons\ofxPuppet\libs\wml\src</Filter>
		</ClInclude>
		<ClInclude Include="addons\ofxPuppet\libs\wml\src\WmlVector3.h">
			<Filter>local_addons\ofxPuppet\libs\wml\src</Filter>
		</ClInclude>
		<ClInclude Include="addons\ofxPuppet\libs\wml\src\WmlVector4.h">
			<Filter>local_addons\ofxPuppet\libs\wml\src</Filter>
		</ClInclude>
		<ClInclude Include="addons\ofxTriangleMesh\src\ofxTriangleMesh.h">
			<Filter>local_addons\ofxTriangleMesh\src</Filter>
		</ClInclude>
		<ClInclude Include="addons\ofxTriangleMesh\libs\Triangle\triangle_mesh.h">
			<Filter>local_addons\ofxTriangleMesh\libs\Triangle</Filter>
		</ClInclude>
	</ItemGroup>
	<ItemGroup>
		<ResourceCompile Include="icon.rc" />
	</ItemGroup>
</Project>
